
Microsoft Visual Studio Solution File, Format Version 12.00
# Visual Studio 2013
VisualStudioVersion = 12.0.31101.0
MinimumVisualStudioVersion = 10.0.40219.1
Project("{2150E333-8FDC-42A3-9474-1A3956D46DE8}") = "Cap03", "Cap03", "{68DA8108-CC05-481C-96BB-304DB378BF0C}"
EndProject
Project("{FAE04EC0-301F-11D3-BF4B-00C04F79EFBC}") = "ValueTypes", "ValueTypes\ValueTypes.csproj", "{E83912B2-0AA8-40EE-AD2A-D37B295E3379}"
EndProject
Project("{FAE04EC0-301F-11D3-BF4B-00C04F79EFBC}") = "Struct", "Struct\Struct.csproj", "{DD708D8A-F85A-442F-A713-0FF7D4E2B53A}"
EndProject
Project("{2150E333-8FDC-42A3-9474-1A3956D46DE8}") = "Cap04", "Cap04", "{E3C2E2D2-2C57-467C-B5B5-84A69E64E858}"
EndProject
Project("{FAE04EC0-301F-11D3-BF4B-00C04F79EFBC}") = "ParseMethods", "ParseMethods\ParseMethods.csproj", "{7B1F34DB-AB7C-44D6-A8EB-C17EE56EBD92}"
EndProject
Project("{FAE04EC0-301F-11D3-BF4B-00C04F79EFBC}") = "Dynamic", "Dynamic\Dynamic.csproj", "{2ACA31A5-B1D1-4984-8C0E-B3E198AA2DF9}"
EndProject
Project("{FAE04EC0-301F-11D3-BF4B-00C04F79EFBC}") = "Strings", "Strings\Strings.csproj", "{7C590334-D132-4FE0-BCCE-BDD35A0913F3}"
EndProject
Project("{2150E333-8FDC-42A3-9474-1A3956D46DE8}") = "ExamRefer", "ExamRefer", "{4365A13F-2D7B-400C-B693-84E5D6C2C9A6}"
EndProject
Project("{2150E333-8FDC-42A3-9474-1A3956D46DE8}") = "Chapter01", "Chapter01", "{CD9BCB3B-7923-4BC3-BA67-8C2E5F6A3C87}"
EndProject
Project("{FAE04EC0-301F-11D3-BF4B-00C04F79EFBC}") = "Chapter1", "Chapter1\Chapter1.csproj", "{ECAAA3D7-603C-4741-B36A-93358AE88E37}"
EndProject
Global
	GlobalSection(SolutionConfigurationPlatforms) = preSolution
		Debug|Any CPU = Debug|Any CPU
		Release|Any CPU = Release|Any CPU
	EndGlobalSection
	GlobalSection(ProjectConfigurationPlatforms) = postSolution
		{E83912B2-0AA8-40EE-AD2A-D37B295E3379}.Debug|Any CPU.ActiveCfg = Debug|Any CPU
		{E83912B2-0AA8-40EE-AD2A-D37B295E3379}.Debug|Any CPU.Build.0 = Debug|Any CPU
		{E83912B2-0AA8-40EE-AD2A-D37B295E3379}.Release|Any CPU.ActiveCfg = Release|Any CPU
		{E83912B2-0AA8-40EE-AD2A-D37B295E3379}.Release|Any CPU.Build.0 = Release|Any CPU
		{DD708D8A-F85A-442F-A713-0FF7D4E2B53A}.Debug|Any CPU.ActiveCfg = Debug|Any CPU
		{DD708D8A-F85A-442F-A713-0FF7D4E2B53A}.Debug|Any CPU.Build.0 = Debug|Any CPU
		{DD708D8A-F85A-442F-A713-0FF7D4E2B53A}.Release|Any CPU.ActiveCfg = Release|Any CPU
		{DD708D8A-F85A-442F-A713-0FF7D4E2B53A}.Release|Any CPU.Build.0 = Release|Any CPU
		{7B1F34DB-AB7C-44D6-A8EB-C17EE56EBD92}.Debug|Any CPU.ActiveCfg = Debug|Any CPU
		{7B1F34DB-AB7C-44D6-A8EB-C17EE56EBD92}.Debug|Any CPU.Build.0 = Debug|Any CPU
		{7B1F34DB-AB7C-44D6-A8EB-C17EE56EBD92}.Release|Any CPU.ActiveCfg = Release|Any CPU
		{7B1F34DB-AB7C-44D6-A8EB-C17EE56EBD92}.Release|Any CPU.Build.0 = Release|Any CPU
		{2ACA31A5-B1D1-4984-8C0E-B3E198AA2DF9}.Debug|Any CPU.ActiveCfg = Debug|Any CPU
		{2ACA31A5-B1D1-4984-8C0E-B3E198AA2DF9}.Debug|Any CPU.Build.0 = Debug|Any CPU
		{2ACA31A5-B1D1-4984-8C0E-B3E198AA2DF9}.Release|Any CPU.ActiveCfg = Release|Any CPU
		{2ACA31A5-B1D1-4984-8C0E-B3E198AA2DF9}.Release|Any CPU.Build.0 = Release|Any CPU
		{7C590334-D132-4FE0-BCCE-BDD35A0913F3}.Debug|Any CPU.ActiveCfg = Debug|Any CPU
		{7C590334-D132-4FE0-BCCE-BDD35A0913F3}.Debug|Any CPU.Build.0 = Debug|Any CPU
		{7C590334-D132-4FE0-BCCE-BDD35A0913F3}.Release|Any CPU.ActiveCfg = Release|Any CPU
		{7C590334-D132-4FE0-BCCE-BDD35A0913F3}.Release|Any CPU.Build.0 = Release|Any CPU
		{ECAAA3D7-603C-4741-B36A-93358AE88E37}.Debug|Any CPU.ActiveCfg = Debug|Any CPU
		{ECAAA3D7-603C-4741-B36A-93358AE88E37}.Debug|Any CPU.Build.0 = Debug|Any CPU
		{ECAAA3D7-603C-4741-B36A-93358AE88E37}.Release|Any CPU.ActiveCfg = Release|Any CPU
		{ECAAA3D7-603C-4741-B36A-93358AE88E37}.Release|Any CPU.Build.0 = Release|Any CPU
	EndGlobalSection
	GlobalSection(SolutionProperties) = preSolution
		HideSolutionNode = FALSE
	EndGlobalSection
	GlobalSection(NestedProjects) = preSolution
		{E83912B2-0AA8-40EE-AD2A-D37B295E3379} = {68DA8108-CC05-481C-96BB-304DB378BF0C}
		{DD708D8A-F85A-442F-A713-0FF7D4E2B53A} = {68DA8108-CC05-481C-96BB-304DB378BF0C}
		{7B1F34DB-AB7C-44D6-A8EB-C17EE56EBD92} = {E3C2E2D2-2C57-467C-B5B5-84A69E64E858}
		{2ACA31A5-B1D1-4984-8C0E-B3E198AA2DF9} = {E3C2E2D2-2C57-467C-B5B5-84A69E64E858}
		{7C590334-D132-4FE0-BCCE-BDD35A0913F3} = {E3C2E2D2-2C57-467C-B5B5-84A69E64E858}
		{CD9BCB3B-7923-4BC3-BA67-8C2E5F6A3C87} = {4365A13F-2D7B-400C-B693-84E5D6C2C9A6}
		{ECAAA3D7-603C-4741-B36A-93358AE88E37} = {CD9BCB3B-7923-4BC3-BA67-8C2E5F6A3C87}
	EndGlobalSection
EndGlobal
