
Microsoft Visual Studio Solution File, Format Version 12.00
# Visual Studio 2013
VisualStudioVersion = 12.0.31101.0
MinimumVisualStudioVersion = 10.0.40219.1
Project("{2150E333-8FDC-42A3-9474-1A3956D46DE8}") = "Cap01", "Cap01", "{878A1189-7DF1-4045-9098-20030CA1232C}"
EndProject
Project("{FAE04EC0-301F-11D3-BF4B-00C04F79EFBC}") = "TernaryOperator", "TernaryOperator\TernaryOperator.csproj", "{61D6B9A7-EEC0-4916-9930-47DC8BB9C59F}"
EndProject
Project("{FAE04EC0-301F-11D3-BF4B-00C04F79EFBC}") = "if", "if\if.csproj", "{A29CC509-7E4C-4FD2-8777-9F3EE4D80337}"
EndProject
Project("{FAE04EC0-301F-11D3-BF4B-00C04F79EFBC}") = "Switch", "Switch\Switch.csproj", "{E9AF768E-8BE5-4671-9327-E43D6518140D}"
EndProject
Project("{FAE04EC0-301F-11D3-BF4B-00C04F79EFBC}") = "Loop", "Loop\Loop.csproj", "{9CEB1BA9-E0A8-4837-82FA-178C3F5D662E}"
EndProject
Project("{2150E333-8FDC-42A3-9474-1A3956D46DE8}") = "Cap03", "Cap03", "{7E395BED-7D9A-4E6F-94E6-7096F3A991D3}"
EndProject
Project("{FAE04EC0-301F-11D3-BF4B-00C04F79EFBC}") = "Enum2", "Enum\Enum2.csproj", "{6DF5B0F1-20B3-4B13-8FCF-D43C8093B378}"
EndProject
Project("{FAE04EC0-301F-11D3-BF4B-00C04F79EFBC}") = "Classes", "Classes\Classes.csproj", "{7A613132-FB09-4503-B681-201C85726AA2}"
EndProject
Project("{FAE04EC0-301F-11D3-BF4B-00C04F79EFBC}") = "OverloadingConstructors", "OverloadingConstructors\OverloadingConstructors.csproj", "{DE7F2D8A-58BE-4867-88D6-5D127F1B1A73}"
EndProject
Project("{FAE04EC0-301F-11D3-BF4B-00C04F79EFBC}") = "Abstract", "Abstract\Abstract.csproj", "{6B248F60-D13D-434B-A198-D8657D6AD752}"
EndProject
Project("{FAE04EC0-301F-11D3-BF4B-00C04F79EFBC}") = "ExtendedMethod", "ExtendedMethod\ExtendedMethod.csproj", "{ECD7B188-C103-4FB3-9C41-EA6E002C25CF}"
EndProject
Project("{FAE04EC0-301F-11D3-BF4B-00C04F79EFBC}") = "IndexProperties", "IndexProperties\IndexProperties.csproj", "{E04DAFA3-838E-4E21-BC9F-8F6928CB3F52}"
EndProject
Project("{FAE04EC0-301F-11D3-BF4B-00C04F79EFBC}") = "Generics", "Generics\Generics.csproj", "{386736C1-3BC3-438F-A3B4-C41A4D62F2F9}"
EndProject
Project("{FAE04EC0-301F-11D3-BF4B-00C04F79EFBC}") = "NamedParameters", "NamedParameters\NamedParameters.csproj", "{3D71C2E3-916F-4D73-BB6F-6B6627632843}"
EndProject
Project("{2150E333-8FDC-42A3-9474-1A3956D46DE8}") = "Cap04", "Cap04", "{221F442A-AE0A-4F6A-BDF3-9DA9A4A0AF55}"
EndProject
Project("{FAE04EC0-301F-11D3-BF4B-00C04F79EFBC}") = "AsAndIs", "AsAndIs\AsAndIs.csproj", "{0130D8E4-12D1-45DD-9E22-478DAD533257}"
EndProject
Project("{FAE04EC0-301F-11D3-BF4B-00C04F79EFBC}") = "Strings", "Strings\Strings.csproj", "{9A7EF4D8-8827-4CD9-B4DF-AC1529244CC8}"
EndProject
Project("{FAE04EC0-301F-11D3-BF4B-00C04F79EFBC}") = "StringBuilders", "StringBuilders\StringBuilders.csproj", "{FF84BD11-9DC9-460C-94D2-0EDA0A16E4F2}"
EndProject
Project("{2150E333-8FDC-42A3-9474-1A3956D46DE8}") = "BookMCSE", "BookMCSE", "{A9EC6594-7901-4C12-8516-A2305DB84E1E}"
EndProject
Project("{2150E333-8FDC-42A3-9474-1A3956D46DE8}") = "ExamRefer", "ExamRefer", "{4272E115-E9BC-479B-997A-C0037AAA0F26}"
EndProject
Project("{FAE04EC0-301F-11D3-BF4B-00C04F79EFBC}") = "Threads", "Threads\Threads.csproj", "{9DAC1C4C-798C-4C3E-968C-DF4740665E0A}"
EndProject
Project("{FAE04EC0-301F-11D3-BF4B-00C04F79EFBC}") = "Struct", "Struct\Struct.csproj", "{DD708D8A-F85A-442F-A713-0FF7D4E2B53A}"
EndProject
Project("{FAE04EC0-301F-11D3-BF4B-00C04F79EFBC}") = "ValueTypes", "ValueTypes\ValueTypes.csproj", "{E83912B2-0AA8-40EE-AD2A-D37B295E3379}"
EndProject
Project("{FAE04EC0-301F-11D3-BF4B-00C04F79EFBC}") = "ParseMethods", "ParseMethods\ParseMethods.csproj", "{7B1F34DB-AB7C-44D6-A8EB-C17EE56EBD92}"
EndProject
Project("{FAE04EC0-301F-11D3-BF4B-00C04F79EFBC}") = "Dynamic", "Dynamic\Dynamic.csproj", "{2ACA31A5-B1D1-4984-8C0E-B3E198AA2DF9}"
EndProject
Project("{2150E333-8FDC-42A3-9474-1A3956D46DE8}") = "Parallel_Intel", "Parallel_Intel", "{0F644956-533A-40C3-879B-50F4CB826B62}"
EndProject
Project("{FAE04EC0-301F-11D3-BF4B-00C04F79EFBC}") = "1-Synchronous", "Synchronous\1-Synchronous.csproj", "{8736573B-4B65-4AA6-82CF-34494A77B43F}"
EndProject
Project("{FAE04EC0-301F-11D3-BF4B-00C04F79EFBC}") = "2-APM", "2-APM\2-APM.csproj", "{FD4BDB21-A421-4E2A-80C0-3F7221588519}"
EndProject
Project("{FAE04EC0-301F-11D3-BF4B-00C04F79EFBC}") = "3-ParallelApm", "3-ParallelApm\3-ParallelApm.csproj", "{9E24EC97-6183-4A16-9D65-C1B93C9DC3B7}"
EndProject
Project("{FAE04EC0-301F-11D3-BF4B-00C04F79EFBC}") = "4-BackgroundWorker", "4-BackgroundWorker\4-BackgroundWorker.csproj", "{5087CE29-59C2-4653-89E8-0A263A575260}"
EndProject
Project("{FAE04EC0-301F-11D3-BF4B-00C04F79EFBC}") = "5-Parallel", "5-Parallel\5-Parallel.csproj", "{4D87BD8D-D2A5-4F4B-88B6-569DB600BD7A}"
EndProject
Project("{FAE04EC0-301F-11D3-BF4B-00C04F79EFBC}") = "6-Task", "6-Task\6-Task.csproj", "{13A51616-2E2D-4BDF-A5AD-CE0E907F8837}"
EndProject
Project("{FAE04EC0-301F-11D3-BF4B-00C04F79EFBC}") = "7-PLINQ", "7-PLINQ\7-PLINQ.csproj", "{89FC9CF9-DFDB-4BAE-AECE-8C1D2E885748}"
EndProject
Project("{FAE04EC0-301F-11D3-BF4B-00C04F79EFBC}") = "8-Async", "8-Async\8-Async.csproj", "{5C594868-0855-460A-91AE-4682603F2512}"
EndProject
Project("{FAE04EC0-301F-11D3-BF4B-00C04F79EFBC}") = "9-ParallelAsync", "9-ParallelAsync\9-ParallelAsync.csproj", "{11D45445-2A6B-46B7-B1D5-6C055F728F67}"
EndProject
Project("{FAE04EC0-301F-11D3-BF4B-00C04F79EFBC}") = "TaskExample", "Task\TaskExample.csproj", "{131C410E-0F21-4A52-B7AA-C26C35748977}"
EndProject
Project("{2150E333-8FDC-42A3-9474-1A3956D46DE8}") = "Task", "Task", "{27E9985A-6568-492C-9346-3B761D1C80DF}"
EndProject
Project("{FAE04EC0-301F-11D3-BF4B-00C04F79EFBC}") = "TaskContinueWith", "TaskContinueWith\TaskContinueWith.csproj", "{DC527E48-2770-4ADD-BFA0-A652C41CA36C}"
EndProject
Project("{FAE04EC0-301F-11D3-BF4B-00C04F79EFBC}") = "TaskWithChild", "TaskWithChild\TaskWithChild.csproj", "{5B7A8497-9199-446F-A822-2EE1E2134440}"
EndProject
Project("{FAE04EC0-301F-11D3-BF4B-00C04F79EFBC}") = "TaskFactoryUsing", "TaskFactoryUsing\TaskFactoryUsing.csproj", "{FB9DD4FF-E9D1-43BB-B03E-E758DB261CC8}"
EndProject
Project("{FAE04EC0-301F-11D3-BF4B-00C04F79EFBC}") = "TaskWaitAllUsing", "Task.WaitAll\TaskWaitAllUsing.csproj", "{2CA55BF3-CD47-4176-A001-C50B95743AE6}"
EndProject
Project("{FAE04EC0-301F-11D3-BF4B-00C04F79EFBC}") = "TaskWaitAnyUsing", "TaskWaitAnyUsing\TaskWaitAnyUsing.csproj", "{2F6F35AD-CBC5-4CAD-8B95-409A5F38CDB9}"
EndProject
Project("{2150E333-8FDC-42A3-9474-1A3956D46DE8}") = "Parallel", "Parallel", "{29AC760B-2BE4-4BE0-86B8-BA21063E6536}"
EndProject
Project("{FAE04EC0-301F-11D3-BF4B-00C04F79EFBC}") = "ParallelForEachUsing", "ParallelForEachUsing\ParallelForEachUsing.csproj", "{298145EF-C50F-4B18-81D7-2A17E07F6C18}"
EndProject
Project("{2150E333-8FDC-42A3-9474-1A3956D46DE8}") = "ThreadsExample", "ThreadsExample", "{BD030B5A-5E69-4A2E-9259-F178F0C622DA}"
EndProject
Project("{FAE04EC0-301F-11D3-BF4B-00C04F79EFBC}") = "ThreadAasyncAndAwait", "ThreadAasyncAndAwait\ThreadAasyncAndAwait.csproj", "{6EDFBEC9-EFD9-4AFF-BA93-CBB5333BE56D}"
EndProject
Project("{FAE04EC0-301F-11D3-BF4B-00C04F79EFBC}") = "ScalabilityVSResponsiveness", "ScalabilityVSResponsiveness\ScalabilityVSResponsiveness.csproj", "{36191FD8-4DDB-40F9-A2FC-535967CEF68F}"
EndProject
Project("{FAE04EC0-301F-11D3-BF4B-00C04F79EFBC}") = "ConfigureAwait", "ConfigureAwait\ConfigureAwait.csproj", "{7A34D4B1-69F0-485B-88BF-9F4C77673FFD}"
EndProject
Global
	GlobalSection(SolutionConfigurationPlatforms) = preSolution
		Debug|Any CPU = Debug|Any CPU
		Release|Any CPU = Release|Any CPU
	EndGlobalSection
	GlobalSection(ProjectConfigurationPlatforms) = postSolution
		{61D6B9A7-EEC0-4916-9930-47DC8BB9C59F}.Debug|Any CPU.ActiveCfg = Debug|Any CPU
		{61D6B9A7-EEC0-4916-9930-47DC8BB9C59F}.Debug|Any CPU.Build.0 = Debug|Any CPU
		{61D6B9A7-EEC0-4916-9930-47DC8BB9C59F}.Release|Any CPU.ActiveCfg = Release|Any CPU
		{61D6B9A7-EEC0-4916-9930-47DC8BB9C59F}.Release|Any CPU.Build.0 = Release|Any CPU
		{A29CC509-7E4C-4FD2-8777-9F3EE4D80337}.Debug|Any CPU.ActiveCfg = Debug|Any CPU
		{A29CC509-7E4C-4FD2-8777-9F3EE4D80337}.Debug|Any CPU.Build.0 = Debug|Any CPU
		{A29CC509-7E4C-4FD2-8777-9F3EE4D80337}.Release|Any CPU.ActiveCfg = Release|Any CPU
		{A29CC509-7E4C-4FD2-8777-9F3EE4D80337}.Release|Any CPU.Build.0 = Release|Any CPU
		{E9AF768E-8BE5-4671-9327-E43D6518140D}.Debug|Any CPU.ActiveCfg = Debug|Any CPU
		{E9AF768E-8BE5-4671-9327-E43D6518140D}.Debug|Any CPU.Build.0 = Debug|Any CPU
		{E9AF768E-8BE5-4671-9327-E43D6518140D}.Release|Any CPU.ActiveCfg = Release|Any CPU
		{E9AF768E-8BE5-4671-9327-E43D6518140D}.Release|Any CPU.Build.0 = Release|Any CPU
		{9CEB1BA9-E0A8-4837-82FA-178C3F5D662E}.Debug|Any CPU.ActiveCfg = Debug|Any CPU
		{9CEB1BA9-E0A8-4837-82FA-178C3F5D662E}.Debug|Any CPU.Build.0 = Debug|Any CPU
		{9CEB1BA9-E0A8-4837-82FA-178C3F5D662E}.Release|Any CPU.ActiveCfg = Release|Any CPU
		{9CEB1BA9-E0A8-4837-82FA-178C3F5D662E}.Release|Any CPU.Build.0 = Release|Any CPU
		{6DF5B0F1-20B3-4B13-8FCF-D43C8093B378}.Debug|Any CPU.ActiveCfg = Debug|Any CPU
		{6DF5B0F1-20B3-4B13-8FCF-D43C8093B378}.Debug|Any CPU.Build.0 = Debug|Any CPU
		{6DF5B0F1-20B3-4B13-8FCF-D43C8093B378}.Release|Any CPU.ActiveCfg = Release|Any CPU
		{6DF5B0F1-20B3-4B13-8FCF-D43C8093B378}.Release|Any CPU.Build.0 = Release|Any CPU
		{7A613132-FB09-4503-B681-201C85726AA2}.Debug|Any CPU.ActiveCfg = Debug|Any CPU
		{7A613132-FB09-4503-B681-201C85726AA2}.Debug|Any CPU.Build.0 = Debug|Any CPU
		{7A613132-FB09-4503-B681-201C85726AA2}.Release|Any CPU.ActiveCfg = Release|Any CPU
		{7A613132-FB09-4503-B681-201C85726AA2}.Release|Any CPU.Build.0 = Release|Any CPU
		{DE7F2D8A-58BE-4867-88D6-5D127F1B1A73}.Debug|Any CPU.ActiveCfg = Debug|Any CPU
		{DE7F2D8A-58BE-4867-88D6-5D127F1B1A73}.Debug|Any CPU.Build.0 = Debug|Any CPU
		{DE7F2D8A-58BE-4867-88D6-5D127F1B1A73}.Release|Any CPU.ActiveCfg = Release|Any CPU
		{DE7F2D8A-58BE-4867-88D6-5D127F1B1A73}.Release|Any CPU.Build.0 = Release|Any CPU
		{6B248F60-D13D-434B-A198-D8657D6AD752}.Debug|Any CPU.ActiveCfg = Debug|Any CPU
		{6B248F60-D13D-434B-A198-D8657D6AD752}.Debug|Any CPU.Build.0 = Debug|Any CPU
		{6B248F60-D13D-434B-A198-D8657D6AD752}.Release|Any CPU.ActiveCfg = Release|Any CPU
		{6B248F60-D13D-434B-A198-D8657D6AD752}.Release|Any CPU.Build.0 = Release|Any CPU
		{ECD7B188-C103-4FB3-9C41-EA6E002C25CF}.Debug|Any CPU.ActiveCfg = Debug|Any CPU
		{ECD7B188-C103-4FB3-9C41-EA6E002C25CF}.Debug|Any CPU.Build.0 = Debug|Any CPU
		{ECD7B188-C103-4FB3-9C41-EA6E002C25CF}.Release|Any CPU.ActiveCfg = Release|Any CPU
		{ECD7B188-C103-4FB3-9C41-EA6E002C25CF}.Release|Any CPU.Build.0 = Release|Any CPU
		{E04DAFA3-838E-4E21-BC9F-8F6928CB3F52}.Debug|Any CPU.ActiveCfg = Debug|Any CPU
		{E04DAFA3-838E-4E21-BC9F-8F6928CB3F52}.Debug|Any CPU.Build.0 = Debug|Any CPU
		{E04DAFA3-838E-4E21-BC9F-8F6928CB3F52}.Release|Any CPU.ActiveCfg = Release|Any CPU
		{E04DAFA3-838E-4E21-BC9F-8F6928CB3F52}.Release|Any CPU.Build.0 = Release|Any CPU
		{386736C1-3BC3-438F-A3B4-C41A4D62F2F9}.Debug|Any CPU.ActiveCfg = Debug|Any CPU
		{386736C1-3BC3-438F-A3B4-C41A4D62F2F9}.Debug|Any CPU.Build.0 = Debug|Any CPU
		{386736C1-3BC3-438F-A3B4-C41A4D62F2F9}.Release|Any CPU.ActiveCfg = Release|Any CPU
		{386736C1-3BC3-438F-A3B4-C41A4D62F2F9}.Release|Any CPU.Build.0 = Release|Any CPU
		{3D71C2E3-916F-4D73-BB6F-6B6627632843}.Debug|Any CPU.ActiveCfg = Debug|Any CPU
		{3D71C2E3-916F-4D73-BB6F-6B6627632843}.Debug|Any CPU.Build.0 = Debug|Any CPU
		{3D71C2E3-916F-4D73-BB6F-6B6627632843}.Release|Any CPU.ActiveCfg = Release|Any CPU
		{3D71C2E3-916F-4D73-BB6F-6B6627632843}.Release|Any CPU.Build.0 = Release|Any CPU
		{0130D8E4-12D1-45DD-9E22-478DAD533257}.Debug|Any CPU.ActiveCfg = Debug|Any CPU
		{0130D8E4-12D1-45DD-9E22-478DAD533257}.Debug|Any CPU.Build.0 = Debug|Any CPU
		{0130D8E4-12D1-45DD-9E22-478DAD533257}.Release|Any CPU.ActiveCfg = Release|Any CPU
		{0130D8E4-12D1-45DD-9E22-478DAD533257}.Release|Any CPU.Build.0 = Release|Any CPU
		{9A7EF4D8-8827-4CD9-B4DF-AC1529244CC8}.Debug|Any CPU.ActiveCfg = Debug|Any CPU
		{9A7EF4D8-8827-4CD9-B4DF-AC1529244CC8}.Debug|Any CPU.Build.0 = Debug|Any CPU
		{9A7EF4D8-8827-4CD9-B4DF-AC1529244CC8}.Release|Any CPU.ActiveCfg = Release|Any CPU
		{9A7EF4D8-8827-4CD9-B4DF-AC1529244CC8}.Release|Any CPU.Build.0 = Release|Any CPU
		{FF84BD11-9DC9-460C-94D2-0EDA0A16E4F2}.Debug|Any CPU.ActiveCfg = Debug|Any CPU
		{FF84BD11-9DC9-460C-94D2-0EDA0A16E4F2}.Debug|Any CPU.Build.0 = Debug|Any CPU
		{FF84BD11-9DC9-460C-94D2-0EDA0A16E4F2}.Release|Any CPU.ActiveCfg = Release|Any CPU
		{FF84BD11-9DC9-460C-94D2-0EDA0A16E4F2}.Release|Any CPU.Build.0 = Release|Any CPU
		{9DAC1C4C-798C-4C3E-968C-DF4740665E0A}.Debug|Any CPU.ActiveCfg = Debug|Any CPU
		{9DAC1C4C-798C-4C3E-968C-DF4740665E0A}.Debug|Any CPU.Build.0 = Debug|Any CPU
		{9DAC1C4C-798C-4C3E-968C-DF4740665E0A}.Release|Any CPU.ActiveCfg = Release|Any CPU
		{9DAC1C4C-798C-4C3E-968C-DF4740665E0A}.Release|Any CPU.Build.0 = Release|Any CPU
		{DD708D8A-F85A-442F-A713-0FF7D4E2B53A}.Debug|Any CPU.ActiveCfg = Debug|Any CPU
		{DD708D8A-F85A-442F-A713-0FF7D4E2B53A}.Debug|Any CPU.Build.0 = Debug|Any CPU
		{DD708D8A-F85A-442F-A713-0FF7D4E2B53A}.Release|Any CPU.ActiveCfg = Release|Any CPU
		{DD708D8A-F85A-442F-A713-0FF7D4E2B53A}.Release|Any CPU.Build.0 = Release|Any CPU
		{E83912B2-0AA8-40EE-AD2A-D37B295E3379}.Debug|Any CPU.ActiveCfg = Debug|Any CPU
		{E83912B2-0AA8-40EE-AD2A-D37B295E3379}.Debug|Any CPU.Build.0 = Debug|Any CPU
		{E83912B2-0AA8-40EE-AD2A-D37B295E3379}.Release|Any CPU.ActiveCfg = Release|Any CPU
		{E83912B2-0AA8-40EE-AD2A-D37B295E3379}.Release|Any CPU.Build.0 = Release|Any CPU
		{7B1F34DB-AB7C-44D6-A8EB-C17EE56EBD92}.Debug|Any CPU.ActiveCfg = Debug|Any CPU
		{7B1F34DB-AB7C-44D6-A8EB-C17EE56EBD92}.Debug|Any CPU.Build.0 = Debug|Any CPU
		{7B1F34DB-AB7C-44D6-A8EB-C17EE56EBD92}.Release|Any CPU.ActiveCfg = Release|Any CPU
		{7B1F34DB-AB7C-44D6-A8EB-C17EE56EBD92}.Release|Any CPU.Build.0 = Release|Any CPU
		{2ACA31A5-B1D1-4984-8C0E-B3E198AA2DF9}.Debug|Any CPU.ActiveCfg = Debug|Any CPU
		{2ACA31A5-B1D1-4984-8C0E-B3E198AA2DF9}.Debug|Any CPU.Build.0 = Debug|Any CPU
		{2ACA31A5-B1D1-4984-8C0E-B3E198AA2DF9}.Release|Any CPU.ActiveCfg = Release|Any CPU
		{2ACA31A5-B1D1-4984-8C0E-B3E198AA2DF9}.Release|Any CPU.Build.0 = Release|Any CPU
		{8736573B-4B65-4AA6-82CF-34494A77B43F}.Debug|Any CPU.ActiveCfg = Debug|Any CPU
		{8736573B-4B65-4AA6-82CF-34494A77B43F}.Debug|Any CPU.Build.0 = Debug|Any CPU
		{8736573B-4B65-4AA6-82CF-34494A77B43F}.Release|Any CPU.ActiveCfg = Release|Any CPU
		{8736573B-4B65-4AA6-82CF-34494A77B43F}.Release|Any CPU.Build.0 = Release|Any CPU
		{FD4BDB21-A421-4E2A-80C0-3F7221588519}.Debug|Any CPU.ActiveCfg = Debug|Any CPU
		{FD4BDB21-A421-4E2A-80C0-3F7221588519}.Debug|Any CPU.Build.0 = Debug|Any CPU
		{FD4BDB21-A421-4E2A-80C0-3F7221588519}.Release|Any CPU.ActiveCfg = Release|Any CPU
		{FD4BDB21-A421-4E2A-80C0-3F7221588519}.Release|Any CPU.Build.0 = Release|Any CPU
		{9E24EC97-6183-4A16-9D65-C1B93C9DC3B7}.Debug|Any CPU.ActiveCfg = Debug|Any CPU
		{9E24EC97-6183-4A16-9D65-C1B93C9DC3B7}.Debug|Any CPU.Build.0 = Debug|Any CPU
		{9E24EC97-6183-4A16-9D65-C1B93C9DC3B7}.Release|Any CPU.ActiveCfg = Release|Any CPU
		{9E24EC97-6183-4A16-9D65-C1B93C9DC3B7}.Release|Any CPU.Build.0 = Release|Any CPU
		{5087CE29-59C2-4653-89E8-0A263A575260}.Debug|Any CPU.ActiveCfg = Debug|Any CPU
		{5087CE29-59C2-4653-89E8-0A263A575260}.Debug|Any CPU.Build.0 = Debug|Any CPU
		{5087CE29-59C2-4653-89E8-0A263A575260}.Release|Any CPU.ActiveCfg = Release|Any CPU
		{5087CE29-59C2-4653-89E8-0A263A575260}.Release|Any CPU.Build.0 = Release|Any CPU
		{4D87BD8D-D2A5-4F4B-88B6-569DB600BD7A}.Debug|Any CPU.ActiveCfg = Debug|Any CPU
		{4D87BD8D-D2A5-4F4B-88B6-569DB600BD7A}.Debug|Any CPU.Build.0 = Debug|Any CPU
		{4D87BD8D-D2A5-4F4B-88B6-569DB600BD7A}.Release|Any CPU.ActiveCfg = Release|Any CPU
		{4D87BD8D-D2A5-4F4B-88B6-569DB600BD7A}.Release|Any CPU.Build.0 = Release|Any CPU
		{13A51616-2E2D-4BDF-A5AD-CE0E907F8837}.Debug|Any CPU.ActiveCfg = Debug|Any CPU
		{13A51616-2E2D-4BDF-A5AD-CE0E907F8837}.Debug|Any CPU.Build.0 = Debug|Any CPU
		{13A51616-2E2D-4BDF-A5AD-CE0E907F8837}.Release|Any CPU.ActiveCfg = Release|Any CPU
		{13A51616-2E2D-4BDF-A5AD-CE0E907F8837}.Release|Any CPU.Build.0 = Release|Any CPU
		{89FC9CF9-DFDB-4BAE-AECE-8C1D2E885748}.Debug|Any CPU.ActiveCfg = Debug|Any CPU
		{89FC9CF9-DFDB-4BAE-AECE-8C1D2E885748}.Debug|Any CPU.Build.0 = Debug|Any CPU
		{89FC9CF9-DFDB-4BAE-AECE-8C1D2E885748}.Release|Any CPU.ActiveCfg = Release|Any CPU
		{89FC9CF9-DFDB-4BAE-AECE-8C1D2E885748}.Release|Any CPU.Build.0 = Release|Any CPU
		{5C594868-0855-460A-91AE-4682603F2512}.Debug|Any CPU.ActiveCfg = Debug|Any CPU
		{5C594868-0855-460A-91AE-4682603F2512}.Debug|Any CPU.Build.0 = Debug|Any CPU
		{5C594868-0855-460A-91AE-4682603F2512}.Release|Any CPU.ActiveCfg = Release|Any CPU
		{5C594868-0855-460A-91AE-4682603F2512}.Release|Any CPU.Build.0 = Release|Any CPU
		{11D45445-2A6B-46B7-B1D5-6C055F728F67}.Debug|Any CPU.ActiveCfg = Debug|Any CPU
		{11D45445-2A6B-46B7-B1D5-6C055F728F67}.Debug|Any CPU.Build.0 = Debug|Any CPU
		{11D45445-2A6B-46B7-B1D5-6C055F728F67}.Release|Any CPU.ActiveCfg = Release|Any CPU
		{11D45445-2A6B-46B7-B1D5-6C055F728F67}.Release|Any CPU.Build.0 = Release|Any CPU
		{131C410E-0F21-4A52-B7AA-C26C35748977}.Debug|Any CPU.ActiveCfg = Debug|Any CPU
		{131C410E-0F21-4A52-B7AA-C26C35748977}.Debug|Any CPU.Build.0 = Debug|Any CPU
		{131C410E-0F21-4A52-B7AA-C26C35748977}.Release|Any CPU.ActiveCfg = Release|Any CPU
		{131C410E-0F21-4A52-B7AA-C26C35748977}.Release|Any CPU.Build.0 = Release|Any CPU
		{DC527E48-2770-4ADD-BFA0-A652C41CA36C}.Debug|Any CPU.ActiveCfg = Debug|Any CPU
		{DC527E48-2770-4ADD-BFA0-A652C41CA36C}.Debug|Any CPU.Build.0 = Debug|Any CPU
		{DC527E48-2770-4ADD-BFA0-A652C41CA36C}.Release|Any CPU.ActiveCfg = Release|Any CPU
		{DC527E48-2770-4ADD-BFA0-A652C41CA36C}.Release|Any CPU.Build.0 = Release|Any CPU
		{5B7A8497-9199-446F-A822-2EE1E2134440}.Debug|Any CPU.ActiveCfg = Debug|Any CPU
		{5B7A8497-9199-446F-A822-2EE1E2134440}.Debug|Any CPU.Build.0 = Debug|Any CPU
		{5B7A8497-9199-446F-A822-2EE1E2134440}.Release|Any CPU.ActiveCfg = Release|Any CPU
		{5B7A8497-9199-446F-A822-2EE1E2134440}.Release|Any CPU.Build.0 = Release|Any CPU
		{FB9DD4FF-E9D1-43BB-B03E-E758DB261CC8}.Debug|Any CPU.ActiveCfg = Debug|Any CPU
		{FB9DD4FF-E9D1-43BB-B03E-E758DB261CC8}.Debug|Any CPU.Build.0 = Debug|Any CPU
		{FB9DD4FF-E9D1-43BB-B03E-E758DB261CC8}.Release|Any CPU.ActiveCfg = Release|Any CPU
		{FB9DD4FF-E9D1-43BB-B03E-E758DB261CC8}.Release|Any CPU.Build.0 = Release|Any CPU
		{2CA55BF3-CD47-4176-A001-C50B95743AE6}.Debug|Any CPU.ActiveCfg = Debug|Any CPU
		{2CA55BF3-CD47-4176-A001-C50B95743AE6}.Debug|Any CPU.Build.0 = Debug|Any CPU
		{2CA55BF3-CD47-4176-A001-C50B95743AE6}.Release|Any CPU.ActiveCfg = Release|Any CPU
		{2CA55BF3-CD47-4176-A001-C50B95743AE6}.Release|Any CPU.Build.0 = Release|Any CPU
		{2F6F35AD-CBC5-4CAD-8B95-409A5F38CDB9}.Debug|Any CPU.ActiveCfg = Debug|Any CPU
		{2F6F35AD-CBC5-4CAD-8B95-409A5F38CDB9}.Debug|Any CPU.Build.0 = Debug|Any CPU
		{2F6F35AD-CBC5-4CAD-8B95-409A5F38CDB9}.Release|Any CPU.ActiveCfg = Release|Any CPU
		{2F6F35AD-CBC5-4CAD-8B95-409A5F38CDB9}.Release|Any CPU.Build.0 = Release|Any CPU
		{298145EF-C50F-4B18-81D7-2A17E07F6C18}.Debug|Any CPU.ActiveCfg = Debug|Any CPU
		{298145EF-C50F-4B18-81D7-2A17E07F6C18}.Debug|Any CPU.Build.0 = Debug|Any CPU
		{298145EF-C50F-4B18-81D7-2A17E07F6C18}.Release|Any CPU.ActiveCfg = Release|Any CPU
		{298145EF-C50F-4B18-81D7-2A17E07F6C18}.Release|Any CPU.Build.0 = Release|Any CPU
		{6EDFBEC9-EFD9-4AFF-BA93-CBB5333BE56D}.Debug|Any CPU.ActiveCfg = Debug|Any CPU
		{6EDFBEC9-EFD9-4AFF-BA93-CBB5333BE56D}.Debug|Any CPU.Build.0 = Debug|Any CPU
		{6EDFBEC9-EFD9-4AFF-BA93-CBB5333BE56D}.Release|Any CPU.ActiveCfg = Release|Any CPU
		{6EDFBEC9-EFD9-4AFF-BA93-CBB5333BE56D}.Release|Any CPU.Build.0 = Release|Any CPU
		{36191FD8-4DDB-40F9-A2FC-535967CEF68F}.Debug|Any CPU.ActiveCfg = Debug|Any CPU
		{36191FD8-4DDB-40F9-A2FC-535967CEF68F}.Debug|Any CPU.Build.0 = Debug|Any CPU
		{36191FD8-4DDB-40F9-A2FC-535967CEF68F}.Release|Any CPU.ActiveCfg = Release|Any CPU
		{36191FD8-4DDB-40F9-A2FC-535967CEF68F}.Release|Any CPU.Build.0 = Release|Any CPU
		{7A34D4B1-69F0-485B-88BF-9F4C77673FFD}.Debug|Any CPU.ActiveCfg = Debug|Any CPU
		{7A34D4B1-69F0-485B-88BF-9F4C77673FFD}.Debug|Any CPU.Build.0 = Debug|Any CPU
		{7A34D4B1-69F0-485B-88BF-9F4C77673FFD}.Release|Any CPU.ActiveCfg = Release|Any CPU
		{7A34D4B1-69F0-485B-88BF-9F4C77673FFD}.Release|Any CPU.Build.0 = Release|Any CPU
	EndGlobalSection
	GlobalSection(SolutionProperties) = preSolution
		HideSolutionNode = FALSE
	EndGlobalSection
	GlobalSection(NestedProjects) = preSolution
		{878A1189-7DF1-4045-9098-20030CA1232C} = {A9EC6594-7901-4C12-8516-A2305DB84E1E}
		{61D6B9A7-EEC0-4916-9930-47DC8BB9C59F} = {878A1189-7DF1-4045-9098-20030CA1232C}
		{A29CC509-7E4C-4FD2-8777-9F3EE4D80337} = {878A1189-7DF1-4045-9098-20030CA1232C}
		{E9AF768E-8BE5-4671-9327-E43D6518140D} = {878A1189-7DF1-4045-9098-20030CA1232C}
		{9CEB1BA9-E0A8-4837-82FA-178C3F5D662E} = {878A1189-7DF1-4045-9098-20030CA1232C}
		{7E395BED-7D9A-4E6F-94E6-7096F3A991D3} = {A9EC6594-7901-4C12-8516-A2305DB84E1E}
		{6DF5B0F1-20B3-4B13-8FCF-D43C8093B378} = {7E395BED-7D9A-4E6F-94E6-7096F3A991D3}
		{7A613132-FB09-4503-B681-201C85726AA2} = {7E395BED-7D9A-4E6F-94E6-7096F3A991D3}
		{DE7F2D8A-58BE-4867-88D6-5D127F1B1A73} = {7E395BED-7D9A-4E6F-94E6-7096F3A991D3}
		{6B248F60-D13D-434B-A198-D8657D6AD752} = {7E395BED-7D9A-4E6F-94E6-7096F3A991D3}
		{ECD7B188-C103-4FB3-9C41-EA6E002C25CF} = {7E395BED-7D9A-4E6F-94E6-7096F3A991D3}
		{E04DAFA3-838E-4E21-BC9F-8F6928CB3F52} = {7E395BED-7D9A-4E6F-94E6-7096F3A991D3}
		{386736C1-3BC3-438F-A3B4-C41A4D62F2F9} = {7E395BED-7D9A-4E6F-94E6-7096F3A991D3}
		{3D71C2E3-916F-4D73-BB6F-6B6627632843} = {7E395BED-7D9A-4E6F-94E6-7096F3A991D3}
		{221F442A-AE0A-4F6A-BDF3-9DA9A4A0AF55} = {A9EC6594-7901-4C12-8516-A2305DB84E1E}
		{0130D8E4-12D1-45DD-9E22-478DAD533257} = {221F442A-AE0A-4F6A-BDF3-9DA9A4A0AF55}
		{9A7EF4D8-8827-4CD9-B4DF-AC1529244CC8} = {221F442A-AE0A-4F6A-BDF3-9DA9A4A0AF55}
		{FF84BD11-9DC9-460C-94D2-0EDA0A16E4F2} = {221F442A-AE0A-4F6A-BDF3-9DA9A4A0AF55}
		{9DAC1C4C-798C-4C3E-968C-DF4740665E0A} = {BD030B5A-5E69-4A2E-9259-F178F0C622DA}
		{DD708D8A-F85A-442F-A713-0FF7D4E2B53A} = {7E395BED-7D9A-4E6F-94E6-7096F3A991D3}
		{E83912B2-0AA8-40EE-AD2A-D37B295E3379} = {7E395BED-7D9A-4E6F-94E6-7096F3A991D3}
		{7B1F34DB-AB7C-44D6-A8EB-C17EE56EBD92} = {7E395BED-7D9A-4E6F-94E6-7096F3A991D3}
		{2ACA31A5-B1D1-4984-8C0E-B3E198AA2DF9} = {221F442A-AE0A-4F6A-BDF3-9DA9A4A0AF55}
		{0F644956-533A-40C3-879B-50F4CB826B62} = {4272E115-E9BC-479B-997A-C0037AAA0F26}
		{8736573B-4B65-4AA6-82CF-34494A77B43F} = {0F644956-533A-40C3-879B-50F4CB826B62}
		{FD4BDB21-A421-4E2A-80C0-3F7221588519} = {0F644956-533A-40C3-879B-50F4CB826B62}
		{9E24EC97-6183-4A16-9D65-C1B93C9DC3B7} = {0F644956-533A-40C3-879B-50F4CB826B62}
		{5087CE29-59C2-4653-89E8-0A263A575260} = {0F644956-533A-40C3-879B-50F4CB826B62}
		{4D87BD8D-D2A5-4F4B-88B6-569DB600BD7A} = {0F644956-533A-40C3-879B-50F4CB826B62}
		{13A51616-2E2D-4BDF-A5AD-CE0E907F8837} = {0F644956-533A-40C3-879B-50F4CB826B62}
		{89FC9CF9-DFDB-4BAE-AECE-8C1D2E885748} = {0F644956-533A-40C3-879B-50F4CB826B62}
		{5C594868-0855-460A-91AE-4682603F2512} = {0F644956-533A-40C3-879B-50F4CB826B62}
		{11D45445-2A6B-46B7-B1D5-6C055F728F67} = {0F644956-533A-40C3-879B-50F4CB826B62}
		{131C410E-0F21-4A52-B7AA-C26C35748977} = {27E9985A-6568-492C-9346-3B761D1C80DF}
		{27E9985A-6568-492C-9346-3B761D1C80DF} = {4272E115-E9BC-479B-997A-C0037AAA0F26}
		{DC527E48-2770-4ADD-BFA0-A652C41CA36C} = {27E9985A-6568-492C-9346-3B761D1C80DF}
		{5B7A8497-9199-446F-A822-2EE1E2134440} = {27E9985A-6568-492C-9346-3B761D1C80DF}
		{FB9DD4FF-E9D1-43BB-B03E-E758DB261CC8} = {27E9985A-6568-492C-9346-3B761D1C80DF}
		{2CA55BF3-CD47-4176-A001-C50B95743AE6} = {27E9985A-6568-492C-9346-3B761D1C80DF}
		{2F6F35AD-CBC5-4CAD-8B95-409A5F38CDB9} = {27E9985A-6568-492C-9346-3B761D1C80DF}
		{29AC760B-2BE4-4BE0-86B8-BA21063E6536} = {4272E115-E9BC-479B-997A-C0037AAA0F26}
		{298145EF-C50F-4B18-81D7-2A17E07F6C18} = {29AC760B-2BE4-4BE0-86B8-BA21063E6536}
		{BD030B5A-5E69-4A2E-9259-F178F0C622DA} = {4272E115-E9BC-479B-997A-C0037AAA0F26}
		{6EDFBEC9-EFD9-4AFF-BA93-CBB5333BE56D} = {BD030B5A-5E69-4A2E-9259-F178F0C622DA}
		{36191FD8-4DDB-40F9-A2FC-535967CEF68F} = {BD030B5A-5E69-4A2E-9259-F178F0C622DA}
		{7A34D4B1-69F0-485B-88BF-9F4C77673FFD} = {BD030B5A-5E69-4A2E-9259-F178F0C622DA}
	EndGlobalSection
EndGlobal
