
Microsoft Visual Studio Solution File, Format Version 12.00
# Visual Studio 2013
VisualStudioVersion = 12.0.40629.0
MinimumVisualStudioVersion = 10.0.40219.1
Project("{2150E333-8FDC-42A3-9474-1A3956D46DE8}") = "Cap01", "Cap01", "{878A1189-7DF1-4045-9098-20030CA1232C}"
EndProject
Project("{FAE04EC0-301F-11D3-BF4B-00C04F79EFBC}") = "TernaryOperator", "TernaryOperator\TernaryOperator.csproj", "{61D6B9A7-EEC0-4916-9930-47DC8BB9C59F}"
EndProject
Project("{FAE04EC0-301F-11D3-BF4B-00C04F79EFBC}") = "if", "if\if.csproj", "{A29CC509-7E4C-4FD2-8777-9F3EE4D80337}"
EndProject
Project("{FAE04EC0-301F-11D3-BF4B-00C04F79EFBC}") = "Switch", "Switch\Switch.csproj", "{E9AF768E-8BE5-4671-9327-E43D6518140D}"
EndProject
Project("{FAE04EC0-301F-11D3-BF4B-00C04F79EFBC}") = "Loop", "Loop\Loop.csproj", "{9CEB1BA9-E0A8-4837-82FA-178C3F5D662E}"
EndProject
Project("{2150E333-8FDC-42A3-9474-1A3956D46DE8}") = "Cap03", "Cap03", "{7E395BED-7D9A-4E6F-94E6-7096F3A991D3}"
EndProject
Project("{FAE04EC0-301F-11D3-BF4B-00C04F79EFBC}") = "Enum2", "Enum\Enum2.csproj", "{6DF5B0F1-20B3-4B13-8FCF-D43C8093B378}"
EndProject
Project("{FAE04EC0-301F-11D3-BF4B-00C04F79EFBC}") = "Classes", "Classes\Classes.csproj", "{7A613132-FB09-4503-B681-201C85726AA2}"
EndProject
Project("{FAE04EC0-301F-11D3-BF4B-00C04F79EFBC}") = "OverloadingConstructors", "OverloadingConstructors\OverloadingConstructors.csproj", "{DE7F2D8A-58BE-4867-88D6-5D127F1B1A73}"
EndProject
Project("{FAE04EC0-301F-11D3-BF4B-00C04F79EFBC}") = "Abstract", "Abstract\Abstract.csproj", "{6B248F60-D13D-434B-A198-D8657D6AD752}"
EndProject
Project("{FAE04EC0-301F-11D3-BF4B-00C04F79EFBC}") = "ExtendedMethod", "ExtendedMethod\ExtendedMethod.csproj", "{ECD7B188-C103-4FB3-9C41-EA6E002C25CF}"
EndProject
Project("{FAE04EC0-301F-11D3-BF4B-00C04F79EFBC}") = "IndexProperties", "IndexProperties\IndexProperties.csproj", "{E04DAFA3-838E-4E21-BC9F-8F6928CB3F52}"
EndProject
Project("{FAE04EC0-301F-11D3-BF4B-00C04F79EFBC}") = "Generics", "Generics\Generics.csproj", "{386736C1-3BC3-438F-A3B4-C41A4D62F2F9}"
EndProject
Project("{FAE04EC0-301F-11D3-BF4B-00C04F79EFBC}") = "NamedParameters", "NamedParameters\NamedParameters.csproj", "{3D71C2E3-916F-4D73-BB6F-6B6627632843}"
EndProject
Project("{2150E333-8FDC-42A3-9474-1A3956D46DE8}") = "Cap04", "Cap04", "{221F442A-AE0A-4F6A-BDF3-9DA9A4A0AF55}"
EndProject
Project("{FAE04EC0-301F-11D3-BF4B-00C04F79EFBC}") = "AsAndIs", "AsAndIs\AsAndIs.csproj", "{0130D8E4-12D1-45DD-9E22-478DAD533257}"
EndProject
Project("{FAE04EC0-301F-11D3-BF4B-00C04F79EFBC}") = "Strings", "Strings\Strings.csproj", "{9A7EF4D8-8827-4CD9-B4DF-AC1529244CC8}"
EndProject
Project("{FAE04EC0-301F-11D3-BF4B-00C04F79EFBC}") = "StringBuilders", "StringBuilders\StringBuilders.csproj", "{FF84BD11-9DC9-460C-94D2-0EDA0A16E4F2}"
EndProject
Project("{2150E333-8FDC-42A3-9474-1A3956D46DE8}") = "BookMCSE", "BookMCSE", "{A9EC6594-7901-4C12-8516-A2305DB84E1E}"
EndProject
Project("{2150E333-8FDC-42A3-9474-1A3956D46DE8}") = "ExamRefer", "ExamRefer", "{4272E115-E9BC-479B-997A-C0037AAA0F26}"
EndProject
Project("{FAE04EC0-301F-11D3-BF4B-00C04F79EFBC}") = "Threads", "Threads\Threads.csproj", "{9DAC1C4C-798C-4C3E-968C-DF4740665E0A}"
EndProject
Project("{FAE04EC0-301F-11D3-BF4B-00C04F79EFBC}") = "Struct", "Struct\Struct.csproj", "{DD708D8A-F85A-442F-A713-0FF7D4E2B53A}"
EndProject
Project("{FAE04EC0-301F-11D3-BF4B-00C04F79EFBC}") = "ValueTypes", "ValueTypes\ValueTypes.csproj", "{E83912B2-0AA8-40EE-AD2A-D37B295E3379}"
EndProject
Project("{FAE04EC0-301F-11D3-BF4B-00C04F79EFBC}") = "ParseMethods", "ParseMethods\ParseMethods.csproj", "{7B1F34DB-AB7C-44D6-A8EB-C17EE56EBD92}"
EndProject
Project("{FAE04EC0-301F-11D3-BF4B-00C04F79EFBC}") = "Dynamic", "Dynamic\Dynamic.csproj", "{2ACA31A5-B1D1-4984-8C0E-B3E198AA2DF9}"
EndProject
Project("{2150E333-8FDC-42A3-9474-1A3956D46DE8}") = "Parallel_Intel", "Parallel_Intel", "{0F644956-533A-40C3-879B-50F4CB826B62}"
EndProject
Project("{FAE04EC0-301F-11D3-BF4B-00C04F79EFBC}") = "1-Synchronous", "Synchronous\1-Synchronous.csproj", "{8736573B-4B65-4AA6-82CF-34494A77B43F}"
EndProject
Project("{FAE04EC0-301F-11D3-BF4B-00C04F79EFBC}") = "2-APM", "2-APM\2-APM.csproj", "{FD4BDB21-A421-4E2A-80C0-3F7221588519}"
EndProject
Project("{FAE04EC0-301F-11D3-BF4B-00C04F79EFBC}") = "3-ParallelApm", "3-ParallelApm\3-ParallelApm.csproj", "{9E24EC97-6183-4A16-9D65-C1B93C9DC3B7}"
EndProject
Project("{FAE04EC0-301F-11D3-BF4B-00C04F79EFBC}") = "4-BackgroundWorker", "4-BackgroundWorker\4-BackgroundWorker.csproj", "{5087CE29-59C2-4653-89E8-0A263A575260}"
EndProject
Project("{FAE04EC0-301F-11D3-BF4B-00C04F79EFBC}") = "5-Parallel", "5-Parallel\5-Parallel.csproj", "{4D87BD8D-D2A5-4F4B-88B6-569DB600BD7A}"
EndProject
Project("{FAE04EC0-301F-11D3-BF4B-00C04F79EFBC}") = "6-Task", "6-Task\6-Task.csproj", "{13A51616-2E2D-4BDF-A5AD-CE0E907F8837}"
EndProject
Project("{FAE04EC0-301F-11D3-BF4B-00C04F79EFBC}") = "7-PLINQ", "7-PLINQ\7-PLINQ.csproj", "{89FC9CF9-DFDB-4BAE-AECE-8C1D2E885748}"
EndProject
Project("{FAE04EC0-301F-11D3-BF4B-00C04F79EFBC}") = "8-Async", "8-Async\8-Async.csproj", "{5C594868-0855-460A-91AE-4682603F2512}"
EndProject
Project("{FAE04EC0-301F-11D3-BF4B-00C04F79EFBC}") = "9-ParallelAsync", "9-ParallelAsync\9-ParallelAsync.csproj", "{11D45445-2A6B-46B7-B1D5-6C055F728F67}"
EndProject
Project("{FAE04EC0-301F-11D3-BF4B-00C04F79EFBC}") = "TaskExample", "Task\TaskExample.csproj", "{131C410E-0F21-4A52-B7AA-C26C35748977}"
EndProject
Project("{2150E333-8FDC-42A3-9474-1A3956D46DE8}") = "Task", "Task", "{27E9985A-6568-492C-9346-3B761D1C80DF}"
EndProject
Project("{FAE04EC0-301F-11D3-BF4B-00C04F79EFBC}") = "TaskContinueWith", "TaskContinueWith\TaskContinueWith.csproj", "{DC527E48-2770-4ADD-BFA0-A652C41CA36C}"
EndProject
Project("{FAE04EC0-301F-11D3-BF4B-00C04F79EFBC}") = "TaskWithChild", "TaskWithChild\TaskWithChild.csproj", "{5B7A8497-9199-446F-A822-2EE1E2134440}"
EndProject
Project("{FAE04EC0-301F-11D3-BF4B-00C04F79EFBC}") = "TaskFactoryUsing", "TaskFactoryUsing\TaskFactoryUsing.csproj", "{FB9DD4FF-E9D1-43BB-B03E-E758DB261CC8}"
EndProject
Project("{FAE04EC0-301F-11D3-BF4B-00C04F79EFBC}") = "TaskWaitAllUsing", "Task.WaitAll\TaskWaitAllUsing.csproj", "{2CA55BF3-CD47-4176-A001-C50B95743AE6}"
EndProject
Project("{FAE04EC0-301F-11D3-BF4B-00C04F79EFBC}") = "TaskWaitAnyUsing", "TaskWaitAnyUsing\TaskWaitAnyUsing.csproj", "{2F6F35AD-CBC5-4CAD-8B95-409A5F38CDB9}"
EndProject
Project("{2150E333-8FDC-42A3-9474-1A3956D46DE8}") = "Parallel", "Parallel", "{29AC760B-2BE4-4BE0-86B8-BA21063E6536}"
EndProject
Project("{FAE04EC0-301F-11D3-BF4B-00C04F79EFBC}") = "ParallelForEachUsing", "ParallelForEachUsing\ParallelForEachUsing.csproj", "{298145EF-C50F-4B18-81D7-2A17E07F6C18}"
EndProject
Project("{2150E333-8FDC-42A3-9474-1A3956D46DE8}") = "ThreadsExample", "ThreadsExample", "{BD030B5A-5E69-4A2E-9259-F178F0C622DA}"
EndProject
Project("{FAE04EC0-301F-11D3-BF4B-00C04F79EFBC}") = "ThreadAasyncAndAwait", "ThreadAasyncAndAwait\ThreadAasyncAndAwait.csproj", "{6EDFBEC9-EFD9-4AFF-BA93-CBB5333BE56D}"
EndProject
Project("{FAE04EC0-301F-11D3-BF4B-00C04F79EFBC}") = "ScalabilityVSResponsiveness", "ScalabilityVSResponsiveness\ScalabilityVSResponsiveness.csproj", "{36191FD8-4DDB-40F9-A2FC-535967CEF68F}"
EndProject
Project("{FAE04EC0-301F-11D3-BF4B-00C04F79EFBC}") = "ConfigureAwait", "ConfigureAwait\ConfigureAwait.csproj", "{7A34D4B1-69F0-485B-88BF-9F4C77673FFD}"
EndProject
Project("{2150E333-8FDC-42A3-9474-1A3956D46DE8}") = "PLINQ", "PLINQ", "{72412D35-9358-48B2-868A-CA36EFE60EB8}"
EndProject
Project("{FAE04EC0-301F-11D3-BF4B-00C04F79EFBC}") = "AsParallel", "AsParallel\AsParallel.csproj", "{ED5B4560-4FEE-4A7C-AD14-BA0C9E8269D2}"
EndProject
Project("{FAE04EC0-301F-11D3-BF4B-00C04F79EFBC}") = "ForAll", "ForAll\ForAll.csproj", "{45EFEA35-12CC-448C-B853-323E35658E3A}"
EndProject
Project("{FAE04EC0-301F-11D3-BF4B-00C04F79EFBC}") = "AggregateExceptionUsing", "AggregateExceptionUsing\AggregateExceptionUsing.csproj", "{B4F62B61-55B1-4A3B-821C-33AD2B08F643}"
EndProject
Project("{2150E333-8FDC-42A3-9474-1A3956D46DE8}") = "ConcurrentCollections", "ConcurrentCollections", "{A289D3DE-17BF-4267-B114-3DF06C3FACA3}"
	ProjectSection(SolutionItems) = preProject
		ConcurrentCollection.txt = ConcurrentCollection.txt
	EndProjectSection
EndProject
Project("{FAE04EC0-301F-11D3-BF4B-00C04F79EFBC}") = "BlockingCollectionUsing", "BlockingCollectionUsing\BlockingCollectionUsing.csproj", "{E1074B03-07A8-44CD-983D-92130542AF6B}"
EndProject
Project("{FAE04EC0-301F-11D3-BF4B-00C04F79EFBC}") = "ConcurrentBagUsing", "ConcurrentBagUsing\ConcurrentBagUsing.csproj", "{FA600278-59AD-4CE3-B151-F1DFECE30FAA}"
EndProject
Project("{FAE04EC0-301F-11D3-BF4B-00C04F79EFBC}") = "ConcurrentStackUsing", "ConcurrentStackUsing\ConcurrentStackUsing.csproj", "{65B53805-1876-49A4-A0A8-36FB85852BE7}"
EndProject
Project("{FAE04EC0-301F-11D3-BF4B-00C04F79EFBC}") = "ConcurrentQueueUsing", "ConcurrentQueue\ConcurrentQueueUsing.csproj", "{31F339A7-CF4B-4DA0-9B59-1F3C9140A746}"
EndProject
Project("{FAE04EC0-301F-11D3-BF4B-00C04F79EFBC}") = "ConcurrentDictionaryUsing", "ConcurrentDictionaryUsing\ConcurrentDictionaryUsing.csproj", "{D0592AAA-46D8-42DE-84C7-7E5B3E0BE76C}"
EndProject
Project("{2150E333-8FDC-42A3-9474-1A3956D46DE8}") = "Chap01", "Chap01", "{53F3BF58-F67E-4EEB-B603-68A2B940982E}"
EndProject
Project("{2150E333-8FDC-42A3-9474-1A3956D46DE8}") = "Objective 1.1", "Objective 1.1", "{B992290A-0560-493D-801D-E8AE0EABF4EA}"
EndProject
Project("{2150E333-8FDC-42A3-9474-1A3956D46DE8}") = "Objective 1.2", "Objective 1.2", "{6CB9B5D1-1B0A-43FB-8C23-B4569C4A1D29}"
EndProject
Project("{FAE04EC0-301F-11D3-BF4B-00C04F79EFBC}") = "01-SharedSameData", "SharedSameData\01-SharedSameData.csproj", "{3A41B9F6-1B71-4006-84D3-C30C54D307D4}"
EndProject
Project("{FAE04EC0-301F-11D3-BF4B-00C04F79EFBC}") = "02-DeadLockExample", "DeadLockExample\02-DeadLockExample.csproj", "{2ED80CA8-A160-4752-ABE3-0645FA652586}"
EndProject
Project("{FAE04EC0-301F-11D3-BF4B-00C04F79EFBC}") = "04-InterlockedUsing", "InterlockedUsing\04-InterlockedUsing.csproj", "{2222E183-075E-477F-9B11-427DE21B03ED}"
EndProject
Project("{FAE04EC0-301F-11D3-BF4B-00C04F79EFBC}") = "05-ExchangeNonAtomicOperation", "ExchangeNonAtomicOperation\05-ExchangeNonAtomicOperation.csproj", "{48AA4AB7-1BC2-45F1-B68B-79A43BF87B2C}"
EndProject
Project("{FAE04EC0-301F-11D3-BF4B-00C04F79EFBC}") = "03-MultithreadedProblemUsing", "MultithreadedProblemUsing\03-MultithreadedProblemUsing.csproj", "{C7F4E843-117E-4589-A6CD-B7B9DCDFCB6E}"
EndProject
Project("{FAE04EC0-301F-11D3-BF4B-00C04F79EFBC}") = "06-CancellationTokenUsing", "CancellationTokenUsing\06-CancellationTokenUsing.csproj", "{846ED639-BFBA-4644-8626-A1CBF0BEE83F}"
EndProject
Project("{FAE04EC0-301F-11D3-BF4B-00C04F79EFBC}") = "07-OperationCanceledExceptionUsing", "OperationCanceledExceptionUsing\07-OperationCanceledExceptionUsing.csproj", "{F5F7DF5A-B993-4434-8953-77E340CF5D27}"
EndProject
Project("{FAE04EC0-301F-11D3-BF4B-00C04F79EFBC}") = "08-ContinueWithCanceledException", "08-ContinueWithCanceledException\08-ContinueWithCanceledException.csproj", "{07CA8385-BC0F-4FAC-A80C-49CA81457835}"
EndProject
Project("{2150E333-8FDC-42A3-9474-1A3956D46DE8}") = "Objective 1.3", "Objective 1.3", "{9C674150-94C2-40E2-9B03-BBD478108161}"
	ProjectSection(SolutionItems) = preProject
		leia.txt = leia.txt
	EndProjectSection
EndProject
Project("{FAE04EC0-301F-11D3-BF4B-00C04F79EFBC}") = "01-NullCoalescingOperator", "NullCoalescingOperator\01-NullCoalescingOperator.csproj", "{C203757B-FADD-4D23-AAFA-912CF3D973C2}"
EndProject
Project("{FAE04EC0-301F-11D3-BF4B-00C04F79EFBC}") = "02-GoToUsing", "GoToUsing\02-GoToUsing.csproj", "{35D35A3D-D433-4E79-AB79-B0B187585EEA}"
EndProject
Project("{FAE04EC0-301F-11D3-BF4B-00C04F79EFBC}") = "03-LoopBreakUsing", "03-LoopBreakUsing\03-LoopBreakUsing.csproj", "{D1D65FF2-13C0-48B2-AF03-FD1B9733210C}"
EndProject
Project("{2150E333-8FDC-42A3-9474-1A3956D46DE8}") = "Objective 1.4", "Objective 1.4", "{DF98387F-F5DE-46C0-AB5A-14A0128127F6}"
	ProjectSection(SolutionItems) = preProject
		Delegates.txt = Delegates.txt
	EndProjectSection
EndProject
Project("{FAE04EC0-301F-11D3-BF4B-00C04F79EFBC}") = "DelegateUsing", "DelegateUsing\DelegateUsing.csproj", "{E0F77096-994E-45A1-94E1-60DF1B894E9D}"
EndProject
Project("{FAE04EC0-301F-11D3-BF4B-00C04F79EFBC}") = "MulticastDelegateUsing", "MulticastDelegateUsing\MulticastDelegateUsing.csproj", "{A48ECFCE-686F-4120-A599-FAB744DF79CF}"
EndProject
Project("{FAE04EC0-301F-11D3-BF4B-00C04F79EFBC}") = "LambdaExpressionDelegate", "LambdaExpressionDelegate\LambdaExpressionDelegate.csproj", "{7CC4A60D-E4AA-4314-B653-A2CC188ED450}"
EndProject
Project("{2150E333-8FDC-42A3-9474-1A3956D46DE8}") = "Testes", "Testes", "{F8F4449B-8191-4C8D-B983-B69E3B626611}"
EndProject
Project("{FAE04EC0-301F-11D3-BF4B-00C04F79EFBC}") = "JsonDateFormat", "JsonDateFormat\JsonDateFormat.csproj", "{66BC2C43-A52C-4A76-B4B7-ADF4A9576DE8}"
EndProject
Project("{FAE04EC0-301F-11D3-BF4B-00C04F79EFBC}") = "LambdaExpreMutipleStatements", "LambdaExpreMutipleStatements\LambdaExpreMutipleStatements.csproj", "{1CF38706-ED46-4C92-9442-D48A2E7C5574}"
EndProject
Project("{FAE04EC0-301F-11D3-BF4B-00C04F79EFBC}") = "ActionDelegateUsing", "ActionDelegateUsing\ActionDelegateUsing.csproj", "{C8A19759-A903-4F17-AF32-5CF240EB6FE9}"
EndProject
Project("{FAE04EC0-301F-11D3-BF4B-00C04F79EFBC}") = "ActionExposeEventUsing", "ActionExposeEventUsing\ActionExposeEventUsing.csproj", "{9217C22D-D4BC-4D48-A8F2-5F427C480CB7}"
EndProject
Project("{FAE04EC0-301F-11D3-BF4B-00C04F79EFBC}") = "EventHandlerUsing", "EventHandlerUsing\EventHandlerUsing.csproj", "{29DB5F06-9A10-4914-B020-9D034268FEF7}"
EndProject
Project("{FAE04EC0-301F-11D3-BF4B-00C04F79EFBC}") = "EventWithExceptionList", "EventWithExceptionList\EventWithExceptionList.csproj", "{2A9FA2CB-7047-4624-B0D8-B6F0AB04907B}"
EndProject
Project("{2150E333-8FDC-42A3-9474-1A3956D46DE8}") = "Objective 1.5", "Objective 1.5", "{53092241-AD80-4223-8E50-06CF48FC17F9}"
EndProject
Project("{FAE04EC0-301F-11D3-BF4B-00C04F79EFBC}") = "01-FormatExceptionUsing", "FormatExceptionUsing\01-FormatExceptionUsing.csproj", "{677AD0B7-4263-47C6-BE0F-8232E0D66D14}"
EndProject
Project("{FAE04EC0-301F-11D3-BF4B-00C04F79EFBC}") = "02-CatchingDifferentException", "02-CatchingDifferentException\02-CatchingDifferentException.csproj", "{DA18A211-EA09-4AA0-A9D6-AD1F15B6A7D3}"
EndProject
Project("{FAE04EC0-301F-11D3-BF4B-00C04F79EFBC}") = "03-FinallyBlock", "03-FinallyBlock\03-FinallyBlock.csproj", "{F4FF0B5F-1807-4CDF-8FC2-F0271D95A253}"
EndProject
Project("{FAE04EC0-301F-11D3-BF4B-00C04F79EFBC}") = "04-EnvironmentFailFastUsing", "04-EnvironmentFailFastUsing\04-EnvironmentFailFastUsing.csproj", "{239813B6-8089-459B-A8F0-5298771F30BA}"
EndProject
Project("{FAE04EC0-301F-11D3-BF4B-00C04F79EFBC}") = "05-ExceptionHandlingUsing", "05-ExceptionHandlingUsing\05-ExceptionHandlingUsing.csproj", "{F7F606CC-7544-40C4-8A29-9CBAB1CE876B}"
EndProject
Project("{FAE04EC0-301F-11D3-BF4B-00C04F79EFBC}") = "06-ExceptionDispatchInfoThrow", "ExceptionDispatchInfoThrow\06-ExceptionDispatchInfoThrow.csproj", "{DC8E67B4-3D54-45C1-B700-1F875BF8BD6A}"
EndProject
Project("{FAE04EC0-301F-11D3-BF4B-00C04F79EFBC}") = "07-CreatingCustomException", "07-CreatingCustomException\07-CreatingCustomException.csproj", "{3335EB55-CC77-4D6A-AC22-BC93ECC8D3CF}"
EndProject
Project("{2150E333-8FDC-42A3-9474-1A3956D46DE8}") = "Chap02", "Chap02", "{19D1D664-8497-4715-859B-7C838235BBC7}"
EndProject
Project("{2150E333-8FDC-42A3-9474-1A3956D46DE8}") = "Objective 2.1", "Objective 2.1", "{076645D4-9893-4FC5-8766-C74D21F00A75}"
	ProjectSection(SolutionItems) = preProject
		ExamTip.txt = ExamTip.txt
	EndProjectSection
EndProject
Project("{2150E333-8FDC-42A3-9474-1A3956D46DE8}") = "Objective 2.6", "Objective 2.6", "{46F7EE26-EA87-4922-A4D1-4F1B986B48B0}"
EndProject
Project("{2150E333-8FDC-42A3-9474-1A3956D46DE8}") = "Objective 2.5", "Objective 2.5", "{0C060F7F-2517-4098-92E1-79175853AA42}"
EndProject
Project("{2150E333-8FDC-42A3-9474-1A3956D46DE8}") = "Objective 2.4", "Objective 2.4", "{F2723596-8747-4729-B413-DB3B0C16EA59}"
EndProject
Project("{2150E333-8FDC-42A3-9474-1A3956D46DE8}") = "Objective 2.3", "Objective 2.3", "{8B5FE353-A073-4C55-B2C0-01C90658D4BC}"
EndProject
Project("{2150E333-8FDC-42A3-9474-1A3956D46DE8}") = "Objective 2.2", "Objective 2.2", "{F68CB464-6970-4E85-853A-0CADD58F0C01}"
EndProject
Project("{2150E333-8FDC-42A3-9474-1A3956D46DE8}") = "Objective 2.7", "Objective 2.7", "{B680C4F6-A97D-4E26-9E39-2684A252B986}"
EndProject
Project("{FAE04EC0-301F-11D3-BF4B-00C04F79EFBC}") = "01-EnumType", "01-EnumType\01-EnumType.csproj", "{EB071BBD-F7DE-45FD-AB9C-5962D66239E1}"
EndProject
Project("{FAE04EC0-301F-11D3-BF4B-00C04F79EFBC}") = "SealedAndVirtualAndOverride", "SealedAndVirtualAndOverride\SealedAndVirtualAndOverride.csproj", "{F342F0C2-59FF-4E06-BB37-EE6405D27CEA}"
EndProject
Project("{FAE04EC0-301F-11D3-BF4B-00C04F79EFBC}") = "CastingUsing", "CastingUsing\CastingUsing.csproj", "{F6C28571-F188-4645-B124-A70B99C717EE}"
EndProject
Project("{FAE04EC0-301F-11D3-BF4B-00C04F79EFBC}") = "DynamicUsingExcel", "DynamicUsingExcel\DynamicUsingExcel.csproj", "{B9F3CAC2-4752-4647-9263-77FD3B2300DC}"
EndProject
Project("{FAE04EC0-301F-11D3-BF4B-00C04F79EFBC}") = "ProtectAndPrivateUsing", "ProtectAndPrivateUsing\ProtectAndPrivateUsing.csproj", "{F05B6E82-E359-4EB2-893F-8EEA4D1FE8AA}"
EndProject
Project("{FAE04EC0-301F-11D3-BF4B-00C04F79EFBC}") = "HidingAMethodNewKeyWord", "HidingAMethodNewKeyWord\HidingAMethodNewKeyWord.csproj", "{981994F7-FAB0-4977-978B-B1F1C0A9E6AD}"
EndProject
Project("{FAE04EC0-301F-11D3-BF4B-00C04F79EFBC}") = "EnumeratorUsing", "EnumeratorUsing\EnumeratorUsing.csproj", "{D378B3A6-0080-4F5C-884A-67D9CAFB8718}"
EndProject
Project("{FAE04EC0-301F-11D3-BF4B-00C04F79EFBC}") = "ImplementingIEnumerableGeneric", "ImplementingIEnumerableGeneric\ImplementingIEnumerableGeneric.csproj", "{AEA40181-217B-4A02-8AA5-3F864011E811}"
EndProject
Project("{FAE04EC0-301F-11D3-BF4B-00C04F79EFBC}") = "IDisposableUsing", "IDisposableUsing\IDisposableUsing.csproj", "{D42604BB-6F14-487A-8A1E-061CB464423F}"
EndProject
Project("{FAE04EC0-301F-11D3-BF4B-00C04F79EFBC}") = "FuncWithLambdaAnonymousMethods", "FuncWithLambdaAnonymousMethods\FuncWithLambdaAnonymousMethods.csproj", "{CAFE3BA0-BF43-4C38-AEC9-FD8D5B918DE1}"
EndProject
Project("{FAE04EC0-301F-11D3-BF4B-00C04F79EFBC}") = "ExpressionTreeExample", "ExpressionTreeExample\ExpressionTreeExample.csproj", "{328EA386-ABB6-4BD8-94A0-AEB50AFA2D30}"
EndProject
Project("{FAE04EC0-301F-11D3-BF4B-00C04F79EFBC}") = "GarbageCollector", "GarbageCollector\GarbageCollector.csproj", "{0D7A6748-9D6F-4508-9E85-3B4A1BF01238}"
EndProject
Project("{FAE04EC0-301F-11D3-BF4B-00C04F79EFBC}") = "IDisposeUsing", "IDisposeUsing\IDisposeUsing.csproj", "{CDD3203C-6821-4D99-8B6B-0022FACBB743}"
EndProject
Project("{FAE04EC0-301F-11D3-BF4B-00C04F79EFBC}") = "ImplementingIDisposableFinalizer", "ImplementingIDisposableFinalizer\ImplementingIDisposableFinalizer.csproj", "{488AD439-3100-49B8-A622-8EE5C03DE50C}"
EndProject
Project("{FAE04EC0-301F-11D3-BF4B-00C04F79EFBC}") = "StringWriterOutPutXmlWriter", "StringWriterOutPutXmlWriter\StringWriterOutPutXmlWriter.csproj", "{CB636A5D-42AE-49B6-B05B-AE971F9F0ED7}"
EndProject
Global
	GlobalSection(SolutionConfigurationPlatforms) = preSolution
		Debug|Any CPU = Debug|Any CPU
		Release|Any CPU = Release|Any CPU
	EndGlobalSection
	GlobalSection(ProjectConfigurationPlatforms) = postSolution
		{61D6B9A7-EEC0-4916-9930-47DC8BB9C59F}.Debug|Any CPU.ActiveCfg = Debug|Any CPU
		{61D6B9A7-EEC0-4916-9930-47DC8BB9C59F}.Debug|Any CPU.Build.0 = Debug|Any CPU
		{61D6B9A7-EEC0-4916-9930-47DC8BB9C59F}.Release|Any CPU.ActiveCfg = Release|Any CPU
		{61D6B9A7-EEC0-4916-9930-47DC8BB9C59F}.Release|Any CPU.Build.0 = Release|Any CPU
		{A29CC509-7E4C-4FD2-8777-9F3EE4D80337}.Debug|Any CPU.ActiveCfg = Debug|Any CPU
		{A29CC509-7E4C-4FD2-8777-9F3EE4D80337}.Debug|Any CPU.Build.0 = Debug|Any CPU
		{A29CC509-7E4C-4FD2-8777-9F3EE4D80337}.Release|Any CPU.ActiveCfg = Release|Any CPU
		{A29CC509-7E4C-4FD2-8777-9F3EE4D80337}.Release|Any CPU.Build.0 = Release|Any CPU
		{E9AF768E-8BE5-4671-9327-E43D6518140D}.Debug|Any CPU.ActiveCfg = Debug|Any CPU
		{E9AF768E-8BE5-4671-9327-E43D6518140D}.Debug|Any CPU.Build.0 = Debug|Any CPU
		{E9AF768E-8BE5-4671-9327-E43D6518140D}.Release|Any CPU.ActiveCfg = Release|Any CPU
		{E9AF768E-8BE5-4671-9327-E43D6518140D}.Release|Any CPU.Build.0 = Release|Any CPU
		{9CEB1BA9-E0A8-4837-82FA-178C3F5D662E}.Debug|Any CPU.ActiveCfg = Debug|Any CPU
		{9CEB1BA9-E0A8-4837-82FA-178C3F5D662E}.Debug|Any CPU.Build.0 = Debug|Any CPU
		{9CEB1BA9-E0A8-4837-82FA-178C3F5D662E}.Release|Any CPU.ActiveCfg = Release|Any CPU
		{9CEB1BA9-E0A8-4837-82FA-178C3F5D662E}.Release|Any CPU.Build.0 = Release|Any CPU
		{6DF5B0F1-20B3-4B13-8FCF-D43C8093B378}.Debug|Any CPU.ActiveCfg = Debug|Any CPU
		{6DF5B0F1-20B3-4B13-8FCF-D43C8093B378}.Debug|Any CPU.Build.0 = Debug|Any CPU
		{6DF5B0F1-20B3-4B13-8FCF-D43C8093B378}.Release|Any CPU.ActiveCfg = Release|Any CPU
		{6DF5B0F1-20B3-4B13-8FCF-D43C8093B378}.Release|Any CPU.Build.0 = Release|Any CPU
		{7A613132-FB09-4503-B681-201C85726AA2}.Debug|Any CPU.ActiveCfg = Debug|Any CPU
		{7A613132-FB09-4503-B681-201C85726AA2}.Debug|Any CPU.Build.0 = Debug|Any CPU
		{7A613132-FB09-4503-B681-201C85726AA2}.Release|Any CPU.ActiveCfg = Release|Any CPU
		{7A613132-FB09-4503-B681-201C85726AA2}.Release|Any CPU.Build.0 = Release|Any CPU
		{DE7F2D8A-58BE-4867-88D6-5D127F1B1A73}.Debug|Any CPU.ActiveCfg = Debug|Any CPU
		{DE7F2D8A-58BE-4867-88D6-5D127F1B1A73}.Debug|Any CPU.Build.0 = Debug|Any CPU
		{DE7F2D8A-58BE-4867-88D6-5D127F1B1A73}.Release|Any CPU.ActiveCfg = Release|Any CPU
		{DE7F2D8A-58BE-4867-88D6-5D127F1B1A73}.Release|Any CPU.Build.0 = Release|Any CPU
		{6B248F60-D13D-434B-A198-D8657D6AD752}.Debug|Any CPU.ActiveCfg = Debug|Any CPU
		{6B248F60-D13D-434B-A198-D8657D6AD752}.Debug|Any CPU.Build.0 = Debug|Any CPU
		{6B248F60-D13D-434B-A198-D8657D6AD752}.Release|Any CPU.ActiveCfg = Release|Any CPU
		{6B248F60-D13D-434B-A198-D8657D6AD752}.Release|Any CPU.Build.0 = Release|Any CPU
		{ECD7B188-C103-4FB3-9C41-EA6E002C25CF}.Debug|Any CPU.ActiveCfg = Debug|Any CPU
		{ECD7B188-C103-4FB3-9C41-EA6E002C25CF}.Debug|Any CPU.Build.0 = Debug|Any CPU
		{ECD7B188-C103-4FB3-9C41-EA6E002C25CF}.Release|Any CPU.ActiveCfg = Release|Any CPU
		{ECD7B188-C103-4FB3-9C41-EA6E002C25CF}.Release|Any CPU.Build.0 = Release|Any CPU
		{E04DAFA3-838E-4E21-BC9F-8F6928CB3F52}.Debug|Any CPU.ActiveCfg = Debug|Any CPU
		{E04DAFA3-838E-4E21-BC9F-8F6928CB3F52}.Debug|Any CPU.Build.0 = Debug|Any CPU
		{E04DAFA3-838E-4E21-BC9F-8F6928CB3F52}.Release|Any CPU.ActiveCfg = Release|Any CPU
		{E04DAFA3-838E-4E21-BC9F-8F6928CB3F52}.Release|Any CPU.Build.0 = Release|Any CPU
		{386736C1-3BC3-438F-A3B4-C41A4D62F2F9}.Debug|Any CPU.ActiveCfg = Debug|Any CPU
		{386736C1-3BC3-438F-A3B4-C41A4D62F2F9}.Debug|Any CPU.Build.0 = Debug|Any CPU
		{386736C1-3BC3-438F-A3B4-C41A4D62F2F9}.Release|Any CPU.ActiveCfg = Release|Any CPU
		{386736C1-3BC3-438F-A3B4-C41A4D62F2F9}.Release|Any CPU.Build.0 = Release|Any CPU
		{3D71C2E3-916F-4D73-BB6F-6B6627632843}.Debug|Any CPU.ActiveCfg = Debug|Any CPU
		{3D71C2E3-916F-4D73-BB6F-6B6627632843}.Debug|Any CPU.Build.0 = Debug|Any CPU
		{3D71C2E3-916F-4D73-BB6F-6B6627632843}.Release|Any CPU.ActiveCfg = Release|Any CPU
		{3D71C2E3-916F-4D73-BB6F-6B6627632843}.Release|Any CPU.Build.0 = Release|Any CPU
		{0130D8E4-12D1-45DD-9E22-478DAD533257}.Debug|Any CPU.ActiveCfg = Debug|Any CPU
		{0130D8E4-12D1-45DD-9E22-478DAD533257}.Debug|Any CPU.Build.0 = Debug|Any CPU
		{0130D8E4-12D1-45DD-9E22-478DAD533257}.Release|Any CPU.ActiveCfg = Release|Any CPU
		{0130D8E4-12D1-45DD-9E22-478DAD533257}.Release|Any CPU.Build.0 = Release|Any CPU
		{9A7EF4D8-8827-4CD9-B4DF-AC1529244CC8}.Debug|Any CPU.ActiveCfg = Debug|Any CPU
		{9A7EF4D8-8827-4CD9-B4DF-AC1529244CC8}.Debug|Any CPU.Build.0 = Debug|Any CPU
		{9A7EF4D8-8827-4CD9-B4DF-AC1529244CC8}.Release|Any CPU.ActiveCfg = Release|Any CPU
		{9A7EF4D8-8827-4CD9-B4DF-AC1529244CC8}.Release|Any CPU.Build.0 = Release|Any CPU
		{FF84BD11-9DC9-460C-94D2-0EDA0A16E4F2}.Debug|Any CPU.ActiveCfg = Debug|Any CPU
		{FF84BD11-9DC9-460C-94D2-0EDA0A16E4F2}.Debug|Any CPU.Build.0 = Debug|Any CPU
		{FF84BD11-9DC9-460C-94D2-0EDA0A16E4F2}.Release|Any CPU.ActiveCfg = Release|Any CPU
		{FF84BD11-9DC9-460C-94D2-0EDA0A16E4F2}.Release|Any CPU.Build.0 = Release|Any CPU
		{9DAC1C4C-798C-4C3E-968C-DF4740665E0A}.Debug|Any CPU.ActiveCfg = Debug|Any CPU
		{9DAC1C4C-798C-4C3E-968C-DF4740665E0A}.Debug|Any CPU.Build.0 = Debug|Any CPU
		{9DAC1C4C-798C-4C3E-968C-DF4740665E0A}.Release|Any CPU.ActiveCfg = Release|Any CPU
		{9DAC1C4C-798C-4C3E-968C-DF4740665E0A}.Release|Any CPU.Build.0 = Release|Any CPU
		{DD708D8A-F85A-442F-A713-0FF7D4E2B53A}.Debug|Any CPU.ActiveCfg = Debug|Any CPU
		{DD708D8A-F85A-442F-A713-0FF7D4E2B53A}.Debug|Any CPU.Build.0 = Debug|Any CPU
		{DD708D8A-F85A-442F-A713-0FF7D4E2B53A}.Release|Any CPU.ActiveCfg = Release|Any CPU
		{DD708D8A-F85A-442F-A713-0FF7D4E2B53A}.Release|Any CPU.Build.0 = Release|Any CPU
		{E83912B2-0AA8-40EE-AD2A-D37B295E3379}.Debug|Any CPU.ActiveCfg = Debug|Any CPU
		{E83912B2-0AA8-40EE-AD2A-D37B295E3379}.Debug|Any CPU.Build.0 = Debug|Any CPU
		{E83912B2-0AA8-40EE-AD2A-D37B295E3379}.Release|Any CPU.ActiveCfg = Release|Any CPU
		{E83912B2-0AA8-40EE-AD2A-D37B295E3379}.Release|Any CPU.Build.0 = Release|Any CPU
		{7B1F34DB-AB7C-44D6-A8EB-C17EE56EBD92}.Debug|Any CPU.ActiveCfg = Debug|Any CPU
		{7B1F34DB-AB7C-44D6-A8EB-C17EE56EBD92}.Debug|Any CPU.Build.0 = Debug|Any CPU
		{7B1F34DB-AB7C-44D6-A8EB-C17EE56EBD92}.Release|Any CPU.ActiveCfg = Release|Any CPU
		{7B1F34DB-AB7C-44D6-A8EB-C17EE56EBD92}.Release|Any CPU.Build.0 = Release|Any CPU
		{2ACA31A5-B1D1-4984-8C0E-B3E198AA2DF9}.Debug|Any CPU.ActiveCfg = Debug|Any CPU
		{2ACA31A5-B1D1-4984-8C0E-B3E198AA2DF9}.Debug|Any CPU.Build.0 = Debug|Any CPU
		{2ACA31A5-B1D1-4984-8C0E-B3E198AA2DF9}.Release|Any CPU.ActiveCfg = Release|Any CPU
		{2ACA31A5-B1D1-4984-8C0E-B3E198AA2DF9}.Release|Any CPU.Build.0 = Release|Any CPU
		{8736573B-4B65-4AA6-82CF-34494A77B43F}.Debug|Any CPU.ActiveCfg = Debug|Any CPU
		{8736573B-4B65-4AA6-82CF-34494A77B43F}.Debug|Any CPU.Build.0 = Debug|Any CPU
		{8736573B-4B65-4AA6-82CF-34494A77B43F}.Release|Any CPU.ActiveCfg = Release|Any CPU
		{8736573B-4B65-4AA6-82CF-34494A77B43F}.Release|Any CPU.Build.0 = Release|Any CPU
		{FD4BDB21-A421-4E2A-80C0-3F7221588519}.Debug|Any CPU.ActiveCfg = Debug|Any CPU
		{FD4BDB21-A421-4E2A-80C0-3F7221588519}.Debug|Any CPU.Build.0 = Debug|Any CPU
		{FD4BDB21-A421-4E2A-80C0-3F7221588519}.Release|Any CPU.ActiveCfg = Release|Any CPU
		{FD4BDB21-A421-4E2A-80C0-3F7221588519}.Release|Any CPU.Build.0 = Release|Any CPU
		{9E24EC97-6183-4A16-9D65-C1B93C9DC3B7}.Debug|Any CPU.ActiveCfg = Debug|Any CPU
		{9E24EC97-6183-4A16-9D65-C1B93C9DC3B7}.Debug|Any CPU.Build.0 = Debug|Any CPU
		{9E24EC97-6183-4A16-9D65-C1B93C9DC3B7}.Release|Any CPU.ActiveCfg = Release|Any CPU
		{9E24EC97-6183-4A16-9D65-C1B93C9DC3B7}.Release|Any CPU.Build.0 = Release|Any CPU
		{5087CE29-59C2-4653-89E8-0A263A575260}.Debug|Any CPU.ActiveCfg = Debug|Any CPU
		{5087CE29-59C2-4653-89E8-0A263A575260}.Debug|Any CPU.Build.0 = Debug|Any CPU
		{5087CE29-59C2-4653-89E8-0A263A575260}.Release|Any CPU.ActiveCfg = Release|Any CPU
		{5087CE29-59C2-4653-89E8-0A263A575260}.Release|Any CPU.Build.0 = Release|Any CPU
		{4D87BD8D-D2A5-4F4B-88B6-569DB600BD7A}.Debug|Any CPU.ActiveCfg = Debug|Any CPU
		{4D87BD8D-D2A5-4F4B-88B6-569DB600BD7A}.Debug|Any CPU.Build.0 = Debug|Any CPU
		{4D87BD8D-D2A5-4F4B-88B6-569DB600BD7A}.Release|Any CPU.ActiveCfg = Release|Any CPU
		{4D87BD8D-D2A5-4F4B-88B6-569DB600BD7A}.Release|Any CPU.Build.0 = Release|Any CPU
		{13A51616-2E2D-4BDF-A5AD-CE0E907F8837}.Debug|Any CPU.ActiveCfg = Debug|Any CPU
		{13A51616-2E2D-4BDF-A5AD-CE0E907F8837}.Debug|Any CPU.Build.0 = Debug|Any CPU
		{13A51616-2E2D-4BDF-A5AD-CE0E907F8837}.Release|Any CPU.ActiveCfg = Release|Any CPU
		{13A51616-2E2D-4BDF-A5AD-CE0E907F8837}.Release|Any CPU.Build.0 = Release|Any CPU
		{89FC9CF9-DFDB-4BAE-AECE-8C1D2E885748}.Debug|Any CPU.ActiveCfg = Debug|Any CPU
		{89FC9CF9-DFDB-4BAE-AECE-8C1D2E885748}.Debug|Any CPU.Build.0 = Debug|Any CPU
		{89FC9CF9-DFDB-4BAE-AECE-8C1D2E885748}.Release|Any CPU.ActiveCfg = Release|Any CPU
		{89FC9CF9-DFDB-4BAE-AECE-8C1D2E885748}.Release|Any CPU.Build.0 = Release|Any CPU
		{5C594868-0855-460A-91AE-4682603F2512}.Debug|Any CPU.ActiveCfg = Debug|Any CPU
		{5C594868-0855-460A-91AE-4682603F2512}.Debug|Any CPU.Build.0 = Debug|Any CPU
		{5C594868-0855-460A-91AE-4682603F2512}.Release|Any CPU.ActiveCfg = Release|Any CPU
		{5C594868-0855-460A-91AE-4682603F2512}.Release|Any CPU.Build.0 = Release|Any CPU
		{11D45445-2A6B-46B7-B1D5-6C055F728F67}.Debug|Any CPU.ActiveCfg = Debug|Any CPU
		{11D45445-2A6B-46B7-B1D5-6C055F728F67}.Debug|Any CPU.Build.0 = Debug|Any CPU
		{11D45445-2A6B-46B7-B1D5-6C055F728F67}.Release|Any CPU.ActiveCfg = Release|Any CPU
		{11D45445-2A6B-46B7-B1D5-6C055F728F67}.Release|Any CPU.Build.0 = Release|Any CPU
		{131C410E-0F21-4A52-B7AA-C26C35748977}.Debug|Any CPU.ActiveCfg = Debug|Any CPU
		{131C410E-0F21-4A52-B7AA-C26C35748977}.Debug|Any CPU.Build.0 = Debug|Any CPU
		{131C410E-0F21-4A52-B7AA-C26C35748977}.Release|Any CPU.ActiveCfg = Release|Any CPU
		{131C410E-0F21-4A52-B7AA-C26C35748977}.Release|Any CPU.Build.0 = Release|Any CPU
		{DC527E48-2770-4ADD-BFA0-A652C41CA36C}.Debug|Any CPU.ActiveCfg = Debug|Any CPU
		{DC527E48-2770-4ADD-BFA0-A652C41CA36C}.Debug|Any CPU.Build.0 = Debug|Any CPU
		{DC527E48-2770-4ADD-BFA0-A652C41CA36C}.Release|Any CPU.ActiveCfg = Release|Any CPU
		{DC527E48-2770-4ADD-BFA0-A652C41CA36C}.Release|Any CPU.Build.0 = Release|Any CPU
		{5B7A8497-9199-446F-A822-2EE1E2134440}.Debug|Any CPU.ActiveCfg = Debug|Any CPU
		{5B7A8497-9199-446F-A822-2EE1E2134440}.Debug|Any CPU.Build.0 = Debug|Any CPU
		{5B7A8497-9199-446F-A822-2EE1E2134440}.Release|Any CPU.ActiveCfg = Release|Any CPU
		{5B7A8497-9199-446F-A822-2EE1E2134440}.Release|Any CPU.Build.0 = Release|Any CPU
		{FB9DD4FF-E9D1-43BB-B03E-E758DB261CC8}.Debug|Any CPU.ActiveCfg = Debug|Any CPU
		{FB9DD4FF-E9D1-43BB-B03E-E758DB261CC8}.Debug|Any CPU.Build.0 = Debug|Any CPU
		{FB9DD4FF-E9D1-43BB-B03E-E758DB261CC8}.Release|Any CPU.ActiveCfg = Release|Any CPU
		{FB9DD4FF-E9D1-43BB-B03E-E758DB261CC8}.Release|Any CPU.Build.0 = Release|Any CPU
		{2CA55BF3-CD47-4176-A001-C50B95743AE6}.Debug|Any CPU.ActiveCfg = Debug|Any CPU
		{2CA55BF3-CD47-4176-A001-C50B95743AE6}.Debug|Any CPU.Build.0 = Debug|Any CPU
		{2CA55BF3-CD47-4176-A001-C50B95743AE6}.Release|Any CPU.ActiveCfg = Release|Any CPU
		{2CA55BF3-CD47-4176-A001-C50B95743AE6}.Release|Any CPU.Build.0 = Release|Any CPU
		{2F6F35AD-CBC5-4CAD-8B95-409A5F38CDB9}.Debug|Any CPU.ActiveCfg = Debug|Any CPU
		{2F6F35AD-CBC5-4CAD-8B95-409A5F38CDB9}.Debug|Any CPU.Build.0 = Debug|Any CPU
		{2F6F35AD-CBC5-4CAD-8B95-409A5F38CDB9}.Release|Any CPU.ActiveCfg = Release|Any CPU
		{2F6F35AD-CBC5-4CAD-8B95-409A5F38CDB9}.Release|Any CPU.Build.0 = Release|Any CPU
		{298145EF-C50F-4B18-81D7-2A17E07F6C18}.Debug|Any CPU.ActiveCfg = Debug|Any CPU
		{298145EF-C50F-4B18-81D7-2A17E07F6C18}.Debug|Any CPU.Build.0 = Debug|Any CPU
		{298145EF-C50F-4B18-81D7-2A17E07F6C18}.Release|Any CPU.ActiveCfg = Release|Any CPU
		{298145EF-C50F-4B18-81D7-2A17E07F6C18}.Release|Any CPU.Build.0 = Release|Any CPU
		{6EDFBEC9-EFD9-4AFF-BA93-CBB5333BE56D}.Debug|Any CPU.ActiveCfg = Debug|Any CPU
		{6EDFBEC9-EFD9-4AFF-BA93-CBB5333BE56D}.Debug|Any CPU.Build.0 = Debug|Any CPU
		{6EDFBEC9-EFD9-4AFF-BA93-CBB5333BE56D}.Release|Any CPU.ActiveCfg = Release|Any CPU
		{6EDFBEC9-EFD9-4AFF-BA93-CBB5333BE56D}.Release|Any CPU.Build.0 = Release|Any CPU
		{36191FD8-4DDB-40F9-A2FC-535967CEF68F}.Debug|Any CPU.ActiveCfg = Debug|Any CPU
		{36191FD8-4DDB-40F9-A2FC-535967CEF68F}.Debug|Any CPU.Build.0 = Debug|Any CPU
		{36191FD8-4DDB-40F9-A2FC-535967CEF68F}.Release|Any CPU.ActiveCfg = Release|Any CPU
		{36191FD8-4DDB-40F9-A2FC-535967CEF68F}.Release|Any CPU.Build.0 = Release|Any CPU
		{7A34D4B1-69F0-485B-88BF-9F4C77673FFD}.Debug|Any CPU.ActiveCfg = Debug|Any CPU
		{7A34D4B1-69F0-485B-88BF-9F4C77673FFD}.Debug|Any CPU.Build.0 = Debug|Any CPU
		{7A34D4B1-69F0-485B-88BF-9F4C77673FFD}.Release|Any CPU.ActiveCfg = Release|Any CPU
		{7A34D4B1-69F0-485B-88BF-9F4C77673FFD}.Release|Any CPU.Build.0 = Release|Any CPU
		{ED5B4560-4FEE-4A7C-AD14-BA0C9E8269D2}.Debug|Any CPU.ActiveCfg = Debug|Any CPU
		{ED5B4560-4FEE-4A7C-AD14-BA0C9E8269D2}.Debug|Any CPU.Build.0 = Debug|Any CPU
		{ED5B4560-4FEE-4A7C-AD14-BA0C9E8269D2}.Release|Any CPU.ActiveCfg = Release|Any CPU
		{ED5B4560-4FEE-4A7C-AD14-BA0C9E8269D2}.Release|Any CPU.Build.0 = Release|Any CPU
		{45EFEA35-12CC-448C-B853-323E35658E3A}.Debug|Any CPU.ActiveCfg = Debug|Any CPU
		{45EFEA35-12CC-448C-B853-323E35658E3A}.Debug|Any CPU.Build.0 = Debug|Any CPU
		{45EFEA35-12CC-448C-B853-323E35658E3A}.Release|Any CPU.ActiveCfg = Release|Any CPU
		{45EFEA35-12CC-448C-B853-323E35658E3A}.Release|Any CPU.Build.0 = Release|Any CPU
		{B4F62B61-55B1-4A3B-821C-33AD2B08F643}.Debug|Any CPU.ActiveCfg = Debug|Any CPU
		{B4F62B61-55B1-4A3B-821C-33AD2B08F643}.Debug|Any CPU.Build.0 = Debug|Any CPU
		{B4F62B61-55B1-4A3B-821C-33AD2B08F643}.Release|Any CPU.ActiveCfg = Release|Any CPU
		{B4F62B61-55B1-4A3B-821C-33AD2B08F643}.Release|Any CPU.Build.0 = Release|Any CPU
		{E1074B03-07A8-44CD-983D-92130542AF6B}.Debug|Any CPU.ActiveCfg = Debug|Any CPU
		{E1074B03-07A8-44CD-983D-92130542AF6B}.Debug|Any CPU.Build.0 = Debug|Any CPU
		{E1074B03-07A8-44CD-983D-92130542AF6B}.Release|Any CPU.ActiveCfg = Release|Any CPU
		{E1074B03-07A8-44CD-983D-92130542AF6B}.Release|Any CPU.Build.0 = Release|Any CPU
		{FA600278-59AD-4CE3-B151-F1DFECE30FAA}.Debug|Any CPU.ActiveCfg = Debug|Any CPU
		{FA600278-59AD-4CE3-B151-F1DFECE30FAA}.Debug|Any CPU.Build.0 = Debug|Any CPU
		{FA600278-59AD-4CE3-B151-F1DFECE30FAA}.Release|Any CPU.ActiveCfg = Release|Any CPU
		{FA600278-59AD-4CE3-B151-F1DFECE30FAA}.Release|Any CPU.Build.0 = Release|Any CPU
		{65B53805-1876-49A4-A0A8-36FB85852BE7}.Debug|Any CPU.ActiveCfg = Debug|Any CPU
		{65B53805-1876-49A4-A0A8-36FB85852BE7}.Debug|Any CPU.Build.0 = Debug|Any CPU
		{65B53805-1876-49A4-A0A8-36FB85852BE7}.Release|Any CPU.ActiveCfg = Release|Any CPU
		{65B53805-1876-49A4-A0A8-36FB85852BE7}.Release|Any CPU.Build.0 = Release|Any CPU
		{31F339A7-CF4B-4DA0-9B59-1F3C9140A746}.Debug|Any CPU.ActiveCfg = Debug|Any CPU
		{31F339A7-CF4B-4DA0-9B59-1F3C9140A746}.Debug|Any CPU.Build.0 = Debug|Any CPU
		{31F339A7-CF4B-4DA0-9B59-1F3C9140A746}.Release|Any CPU.ActiveCfg = Release|Any CPU
		{31F339A7-CF4B-4DA0-9B59-1F3C9140A746}.Release|Any CPU.Build.0 = Release|Any CPU
		{D0592AAA-46D8-42DE-84C7-7E5B3E0BE76C}.Debug|Any CPU.ActiveCfg = Debug|Any CPU
		{D0592AAA-46D8-42DE-84C7-7E5B3E0BE76C}.Debug|Any CPU.Build.0 = Debug|Any CPU
		{D0592AAA-46D8-42DE-84C7-7E5B3E0BE76C}.Release|Any CPU.ActiveCfg = Release|Any CPU
		{D0592AAA-46D8-42DE-84C7-7E5B3E0BE76C}.Release|Any CPU.Build.0 = Release|Any CPU
		{3A41B9F6-1B71-4006-84D3-C30C54D307D4}.Debug|Any CPU.ActiveCfg = Debug|Any CPU
		{3A41B9F6-1B71-4006-84D3-C30C54D307D4}.Debug|Any CPU.Build.0 = Debug|Any CPU
		{3A41B9F6-1B71-4006-84D3-C30C54D307D4}.Release|Any CPU.ActiveCfg = Release|Any CPU
		{3A41B9F6-1B71-4006-84D3-C30C54D307D4}.Release|Any CPU.Build.0 = Release|Any CPU
		{2ED80CA8-A160-4752-ABE3-0645FA652586}.Debug|Any CPU.ActiveCfg = Debug|Any CPU
		{2ED80CA8-A160-4752-ABE3-0645FA652586}.Debug|Any CPU.Build.0 = Debug|Any CPU
		{2ED80CA8-A160-4752-ABE3-0645FA652586}.Release|Any CPU.ActiveCfg = Release|Any CPU
		{2ED80CA8-A160-4752-ABE3-0645FA652586}.Release|Any CPU.Build.0 = Release|Any CPU
		{2222E183-075E-477F-9B11-427DE21B03ED}.Debug|Any CPU.ActiveCfg = Debug|Any CPU
		{2222E183-075E-477F-9B11-427DE21B03ED}.Debug|Any CPU.Build.0 = Debug|Any CPU
		{2222E183-075E-477F-9B11-427DE21B03ED}.Release|Any CPU.ActiveCfg = Release|Any CPU
		{2222E183-075E-477F-9B11-427DE21B03ED}.Release|Any CPU.Build.0 = Release|Any CPU
		{48AA4AB7-1BC2-45F1-B68B-79A43BF87B2C}.Debug|Any CPU.ActiveCfg = Debug|Any CPU
		{48AA4AB7-1BC2-45F1-B68B-79A43BF87B2C}.Debug|Any CPU.Build.0 = Debug|Any CPU
		{48AA4AB7-1BC2-45F1-B68B-79A43BF87B2C}.Release|Any CPU.ActiveCfg = Release|Any CPU
		{48AA4AB7-1BC2-45F1-B68B-79A43BF87B2C}.Release|Any CPU.Build.0 = Release|Any CPU
		{C7F4E843-117E-4589-A6CD-B7B9DCDFCB6E}.Debug|Any CPU.ActiveCfg = Debug|Any CPU
		{C7F4E843-117E-4589-A6CD-B7B9DCDFCB6E}.Debug|Any CPU.Build.0 = Debug|Any CPU
		{C7F4E843-117E-4589-A6CD-B7B9DCDFCB6E}.Release|Any CPU.ActiveCfg = Release|Any CPU
		{C7F4E843-117E-4589-A6CD-B7B9DCDFCB6E}.Release|Any CPU.Build.0 = Release|Any CPU
		{846ED639-BFBA-4644-8626-A1CBF0BEE83F}.Debug|Any CPU.ActiveCfg = Debug|Any CPU
		{846ED639-BFBA-4644-8626-A1CBF0BEE83F}.Debug|Any CPU.Build.0 = Debug|Any CPU
		{846ED639-BFBA-4644-8626-A1CBF0BEE83F}.Release|Any CPU.ActiveCfg = Release|Any CPU
		{846ED639-BFBA-4644-8626-A1CBF0BEE83F}.Release|Any CPU.Build.0 = Release|Any CPU
		{F5F7DF5A-B993-4434-8953-77E340CF5D27}.Debug|Any CPU.ActiveCfg = Debug|Any CPU
		{F5F7DF5A-B993-4434-8953-77E340CF5D27}.Debug|Any CPU.Build.0 = Debug|Any CPU
		{F5F7DF5A-B993-4434-8953-77E340CF5D27}.Release|Any CPU.ActiveCfg = Release|Any CPU
		{F5F7DF5A-B993-4434-8953-77E340CF5D27}.Release|Any CPU.Build.0 = Release|Any CPU
		{07CA8385-BC0F-4FAC-A80C-49CA81457835}.Debug|Any CPU.ActiveCfg = Debug|Any CPU
		{07CA8385-BC0F-4FAC-A80C-49CA81457835}.Debug|Any CPU.Build.0 = Debug|Any CPU
		{07CA8385-BC0F-4FAC-A80C-49CA81457835}.Release|Any CPU.ActiveCfg = Release|Any CPU
		{07CA8385-BC0F-4FAC-A80C-49CA81457835}.Release|Any CPU.Build.0 = Release|Any CPU
		{C203757B-FADD-4D23-AAFA-912CF3D973C2}.Debug|Any CPU.ActiveCfg = Debug|Any CPU
		{C203757B-FADD-4D23-AAFA-912CF3D973C2}.Debug|Any CPU.Build.0 = Debug|Any CPU
		{C203757B-FADD-4D23-AAFA-912CF3D973C2}.Release|Any CPU.ActiveCfg = Release|Any CPU
		{C203757B-FADD-4D23-AAFA-912CF3D973C2}.Release|Any CPU.Build.0 = Release|Any CPU
		{35D35A3D-D433-4E79-AB79-B0B187585EEA}.Debug|Any CPU.ActiveCfg = Debug|Any CPU
		{35D35A3D-D433-4E79-AB79-B0B187585EEA}.Debug|Any CPU.Build.0 = Debug|Any CPU
		{35D35A3D-D433-4E79-AB79-B0B187585EEA}.Release|Any CPU.ActiveCfg = Release|Any CPU
		{35D35A3D-D433-4E79-AB79-B0B187585EEA}.Release|Any CPU.Build.0 = Release|Any CPU
		{D1D65FF2-13C0-48B2-AF03-FD1B9733210C}.Debug|Any CPU.ActiveCfg = Debug|Any CPU
		{D1D65FF2-13C0-48B2-AF03-FD1B9733210C}.Debug|Any CPU.Build.0 = Debug|Any CPU
		{D1D65FF2-13C0-48B2-AF03-FD1B9733210C}.Release|Any CPU.ActiveCfg = Release|Any CPU
		{D1D65FF2-13C0-48B2-AF03-FD1B9733210C}.Release|Any CPU.Build.0 = Release|Any CPU
		{E0F77096-994E-45A1-94E1-60DF1B894E9D}.Debug|Any CPU.ActiveCfg = Debug|Any CPU
		{E0F77096-994E-45A1-94E1-60DF1B894E9D}.Debug|Any CPU.Build.0 = Debug|Any CPU
		{E0F77096-994E-45A1-94E1-60DF1B894E9D}.Release|Any CPU.ActiveCfg = Release|Any CPU
		{E0F77096-994E-45A1-94E1-60DF1B894E9D}.Release|Any CPU.Build.0 = Release|Any CPU
		{A48ECFCE-686F-4120-A599-FAB744DF79CF}.Debug|Any CPU.ActiveCfg = Debug|Any CPU
		{A48ECFCE-686F-4120-A599-FAB744DF79CF}.Debug|Any CPU.Build.0 = Debug|Any CPU
		{A48ECFCE-686F-4120-A599-FAB744DF79CF}.Release|Any CPU.ActiveCfg = Release|Any CPU
		{A48ECFCE-686F-4120-A599-FAB744DF79CF}.Release|Any CPU.Build.0 = Release|Any CPU
		{7CC4A60D-E4AA-4314-B653-A2CC188ED450}.Debug|Any CPU.ActiveCfg = Debug|Any CPU
		{7CC4A60D-E4AA-4314-B653-A2CC188ED450}.Debug|Any CPU.Build.0 = Debug|Any CPU
		{7CC4A60D-E4AA-4314-B653-A2CC188ED450}.Release|Any CPU.ActiveCfg = Release|Any CPU
		{7CC4A60D-E4AA-4314-B653-A2CC188ED450}.Release|Any CPU.Build.0 = Release|Any CPU
		{66BC2C43-A52C-4A76-B4B7-ADF4A9576DE8}.Debug|Any CPU.ActiveCfg = Debug|Any CPU
		{66BC2C43-A52C-4A76-B4B7-ADF4A9576DE8}.Debug|Any CPU.Build.0 = Debug|Any CPU
		{66BC2C43-A52C-4A76-B4B7-ADF4A9576DE8}.Release|Any CPU.ActiveCfg = Release|Any CPU
		{66BC2C43-A52C-4A76-B4B7-ADF4A9576DE8}.Release|Any CPU.Build.0 = Release|Any CPU
		{1CF38706-ED46-4C92-9442-D48A2E7C5574}.Debug|Any CPU.ActiveCfg = Debug|Any CPU
		{1CF38706-ED46-4C92-9442-D48A2E7C5574}.Debug|Any CPU.Build.0 = Debug|Any CPU
		{1CF38706-ED46-4C92-9442-D48A2E7C5574}.Release|Any CPU.ActiveCfg = Release|Any CPU
		{1CF38706-ED46-4C92-9442-D48A2E7C5574}.Release|Any CPU.Build.0 = Release|Any CPU
		{C8A19759-A903-4F17-AF32-5CF240EB6FE9}.Debug|Any CPU.ActiveCfg = Debug|Any CPU
		{C8A19759-A903-4F17-AF32-5CF240EB6FE9}.Debug|Any CPU.Build.0 = Debug|Any CPU
		{C8A19759-A903-4F17-AF32-5CF240EB6FE9}.Release|Any CPU.ActiveCfg = Release|Any CPU
		{C8A19759-A903-4F17-AF32-5CF240EB6FE9}.Release|Any CPU.Build.0 = Release|Any CPU
		{9217C22D-D4BC-4D48-A8F2-5F427C480CB7}.Debug|Any CPU.ActiveCfg = Debug|Any CPU
		{9217C22D-D4BC-4D48-A8F2-5F427C480CB7}.Debug|Any CPU.Build.0 = Debug|Any CPU
		{9217C22D-D4BC-4D48-A8F2-5F427C480CB7}.Release|Any CPU.ActiveCfg = Release|Any CPU
		{9217C22D-D4BC-4D48-A8F2-5F427C480CB7}.Release|Any CPU.Build.0 = Release|Any CPU
		{29DB5F06-9A10-4914-B020-9D034268FEF7}.Debug|Any CPU.ActiveCfg = Debug|Any CPU
		{29DB5F06-9A10-4914-B020-9D034268FEF7}.Debug|Any CPU.Build.0 = Debug|Any CPU
		{29DB5F06-9A10-4914-B020-9D034268FEF7}.Release|Any CPU.ActiveCfg = Release|Any CPU
		{29DB5F06-9A10-4914-B020-9D034268FEF7}.Release|Any CPU.Build.0 = Release|Any CPU
		{2A9FA2CB-7047-4624-B0D8-B6F0AB04907B}.Debug|Any CPU.ActiveCfg = Debug|Any CPU
		{2A9FA2CB-7047-4624-B0D8-B6F0AB04907B}.Debug|Any CPU.Build.0 = Debug|Any CPU
		{2A9FA2CB-7047-4624-B0D8-B6F0AB04907B}.Release|Any CPU.ActiveCfg = Release|Any CPU
		{2A9FA2CB-7047-4624-B0D8-B6F0AB04907B}.Release|Any CPU.Build.0 = Release|Any CPU
		{677AD0B7-4263-47C6-BE0F-8232E0D66D14}.Debug|Any CPU.ActiveCfg = Debug|Any CPU
		{677AD0B7-4263-47C6-BE0F-8232E0D66D14}.Debug|Any CPU.Build.0 = Debug|Any CPU
		{677AD0B7-4263-47C6-BE0F-8232E0D66D14}.Release|Any CPU.ActiveCfg = Release|Any CPU
		{677AD0B7-4263-47C6-BE0F-8232E0D66D14}.Release|Any CPU.Build.0 = Release|Any CPU
		{DA18A211-EA09-4AA0-A9D6-AD1F15B6A7D3}.Debug|Any CPU.ActiveCfg = Debug|Any CPU
		{DA18A211-EA09-4AA0-A9D6-AD1F15B6A7D3}.Debug|Any CPU.Build.0 = Debug|Any CPU
		{DA18A211-EA09-4AA0-A9D6-AD1F15B6A7D3}.Release|Any CPU.ActiveCfg = Release|Any CPU
		{DA18A211-EA09-4AA0-A9D6-AD1F15B6A7D3}.Release|Any CPU.Build.0 = Release|Any CPU
		{F4FF0B5F-1807-4CDF-8FC2-F0271D95A253}.Debug|Any CPU.ActiveCfg = Debug|Any CPU
		{F4FF0B5F-1807-4CDF-8FC2-F0271D95A253}.Debug|Any CPU.Build.0 = Debug|Any CPU
		{F4FF0B5F-1807-4CDF-8FC2-F0271D95A253}.Release|Any CPU.ActiveCfg = Release|Any CPU
		{F4FF0B5F-1807-4CDF-8FC2-F0271D95A253}.Release|Any CPU.Build.0 = Release|Any CPU
		{239813B6-8089-459B-A8F0-5298771F30BA}.Debug|Any CPU.ActiveCfg = Debug|Any CPU
		{239813B6-8089-459B-A8F0-5298771F30BA}.Debug|Any CPU.Build.0 = Debug|Any CPU
		{239813B6-8089-459B-A8F0-5298771F30BA}.Release|Any CPU.ActiveCfg = Release|Any CPU
		{239813B6-8089-459B-A8F0-5298771F30BA}.Release|Any CPU.Build.0 = Release|Any CPU
		{F7F606CC-7544-40C4-8A29-9CBAB1CE876B}.Debug|Any CPU.ActiveCfg = Debug|Any CPU
		{F7F606CC-7544-40C4-8A29-9CBAB1CE876B}.Debug|Any CPU.Build.0 = Debug|Any CPU
		{F7F606CC-7544-40C4-8A29-9CBAB1CE876B}.Release|Any CPU.ActiveCfg = Release|Any CPU
		{F7F606CC-7544-40C4-8A29-9CBAB1CE876B}.Release|Any CPU.Build.0 = Release|Any CPU
		{DC8E67B4-3D54-45C1-B700-1F875BF8BD6A}.Debug|Any CPU.ActiveCfg = Debug|Any CPU
		{DC8E67B4-3D54-45C1-B700-1F875BF8BD6A}.Debug|Any CPU.Build.0 = Debug|Any CPU
		{DC8E67B4-3D54-45C1-B700-1F875BF8BD6A}.Release|Any CPU.ActiveCfg = Release|Any CPU
		{DC8E67B4-3D54-45C1-B700-1F875BF8BD6A}.Release|Any CPU.Build.0 = Release|Any CPU
		{3335EB55-CC77-4D6A-AC22-BC93ECC8D3CF}.Debug|Any CPU.ActiveCfg = Debug|Any CPU
		{3335EB55-CC77-4D6A-AC22-BC93ECC8D3CF}.Debug|Any CPU.Build.0 = Debug|Any CPU
		{3335EB55-CC77-4D6A-AC22-BC93ECC8D3CF}.Release|Any CPU.ActiveCfg = Release|Any CPU
		{3335EB55-CC77-4D6A-AC22-BC93ECC8D3CF}.Release|Any CPU.Build.0 = Release|Any CPU
		{EB071BBD-F7DE-45FD-AB9C-5962D66239E1}.Debug|Any CPU.ActiveCfg = Debug|Any CPU
		{EB071BBD-F7DE-45FD-AB9C-5962D66239E1}.Debug|Any CPU.Build.0 = Debug|Any CPU
		{EB071BBD-F7DE-45FD-AB9C-5962D66239E1}.Release|Any CPU.ActiveCfg = Release|Any CPU
		{EB071BBD-F7DE-45FD-AB9C-5962D66239E1}.Release|Any CPU.Build.0 = Release|Any CPU
		{F342F0C2-59FF-4E06-BB37-EE6405D27CEA}.Debug|Any CPU.ActiveCfg = Debug|Any CPU
		{F342F0C2-59FF-4E06-BB37-EE6405D27CEA}.Debug|Any CPU.Build.0 = Debug|Any CPU
		{F342F0C2-59FF-4E06-BB37-EE6405D27CEA}.Release|Any CPU.ActiveCfg = Release|Any CPU
		{F342F0C2-59FF-4E06-BB37-EE6405D27CEA}.Release|Any CPU.Build.0 = Release|Any CPU
		{F6C28571-F188-4645-B124-A70B99C717EE}.Debug|Any CPU.ActiveCfg = Debug|Any CPU
		{F6C28571-F188-4645-B124-A70B99C717EE}.Debug|Any CPU.Build.0 = Debug|Any CPU
		{F6C28571-F188-4645-B124-A70B99C717EE}.Release|Any CPU.ActiveCfg = Release|Any CPU
		{F6C28571-F188-4645-B124-A70B99C717EE}.Release|Any CPU.Build.0 = Release|Any CPU
		{B9F3CAC2-4752-4647-9263-77FD3B2300DC}.Debug|Any CPU.ActiveCfg = Debug|Any CPU
		{B9F3CAC2-4752-4647-9263-77FD3B2300DC}.Debug|Any CPU.Build.0 = Debug|Any CPU
		{B9F3CAC2-4752-4647-9263-77FD3B2300DC}.Release|Any CPU.ActiveCfg = Release|Any CPU
		{B9F3CAC2-4752-4647-9263-77FD3B2300DC}.Release|Any CPU.Build.0 = Release|Any CPU
		{F05B6E82-E359-4EB2-893F-8EEA4D1FE8AA}.Debug|Any CPU.ActiveCfg = Debug|Any CPU
		{F05B6E82-E359-4EB2-893F-8EEA4D1FE8AA}.Debug|Any CPU.Build.0 = Debug|Any CPU
		{F05B6E82-E359-4EB2-893F-8EEA4D1FE8AA}.Release|Any CPU.ActiveCfg = Release|Any CPU
		{F05B6E82-E359-4EB2-893F-8EEA4D1FE8AA}.Release|Any CPU.Build.0 = Release|Any CPU
		{981994F7-FAB0-4977-978B-B1F1C0A9E6AD}.Debug|Any CPU.ActiveCfg = Debug|Any CPU
		{981994F7-FAB0-4977-978B-B1F1C0A9E6AD}.Debug|Any CPU.Build.0 = Debug|Any CPU
		{981994F7-FAB0-4977-978B-B1F1C0A9E6AD}.Release|Any CPU.ActiveCfg = Release|Any CPU
		{981994F7-FAB0-4977-978B-B1F1C0A9E6AD}.Release|Any CPU.Build.0 = Release|Any CPU
		{D378B3A6-0080-4F5C-884A-67D9CAFB8718}.Debug|Any CPU.ActiveCfg = Debug|Any CPU
		{D378B3A6-0080-4F5C-884A-67D9CAFB8718}.Debug|Any CPU.Build.0 = Debug|Any CPU
		{D378B3A6-0080-4F5C-884A-67D9CAFB8718}.Release|Any CPU.ActiveCfg = Release|Any CPU
		{D378B3A6-0080-4F5C-884A-67D9CAFB8718}.Release|Any CPU.Build.0 = Release|Any CPU
		{AEA40181-217B-4A02-8AA5-3F864011E811}.Debug|Any CPU.ActiveCfg = Debug|Any CPU
		{AEA40181-217B-4A02-8AA5-3F864011E811}.Debug|Any CPU.Build.0 = Debug|Any CPU
		{AEA40181-217B-4A02-8AA5-3F864011E811}.Release|Any CPU.ActiveCfg = Release|Any CPU
		{AEA40181-217B-4A02-8AA5-3F864011E811}.Release|Any CPU.Build.0 = Release|Any CPU
		{D42604BB-6F14-487A-8A1E-061CB464423F}.Debug|Any CPU.ActiveCfg = Debug|Any CPU
		{D42604BB-6F14-487A-8A1E-061CB464423F}.Debug|Any CPU.Build.0 = Debug|Any CPU
		{D42604BB-6F14-487A-8A1E-061CB464423F}.Release|Any CPU.ActiveCfg = Release|Any CPU
		{D42604BB-6F14-487A-8A1E-061CB464423F}.Release|Any CPU.Build.0 = Release|Any CPU
		{CAFE3BA0-BF43-4C38-AEC9-FD8D5B918DE1}.Debug|Any CPU.ActiveCfg = Debug|Any CPU
		{CAFE3BA0-BF43-4C38-AEC9-FD8D5B918DE1}.Debug|Any CPU.Build.0 = Debug|Any CPU
		{CAFE3BA0-BF43-4C38-AEC9-FD8D5B918DE1}.Release|Any CPU.ActiveCfg = Release|Any CPU
		{CAFE3BA0-BF43-4C38-AEC9-FD8D5B918DE1}.Release|Any CPU.Build.0 = Release|Any CPU
		{328EA386-ABB6-4BD8-94A0-AEB50AFA2D30}.Debug|Any CPU.ActiveCfg = Debug|Any CPU
		{328EA386-ABB6-4BD8-94A0-AEB50AFA2D30}.Debug|Any CPU.Build.0 = Debug|Any CPU
		{328EA386-ABB6-4BD8-94A0-AEB50AFA2D30}.Release|Any CPU.ActiveCfg = Release|Any CPU
		{328EA386-ABB6-4BD8-94A0-AEB50AFA2D30}.Release|Any CPU.Build.0 = Release|Any CPU
		{0D7A6748-9D6F-4508-9E85-3B4A1BF01238}.Debug|Any CPU.ActiveCfg = Debug|Any CPU
		{0D7A6748-9D6F-4508-9E85-3B4A1BF01238}.Debug|Any CPU.Build.0 = Debug|Any CPU
		{0D7A6748-9D6F-4508-9E85-3B4A1BF01238}.Release|Any CPU.ActiveCfg = Release|Any CPU
		{0D7A6748-9D6F-4508-9E85-3B4A1BF01238}.Release|Any CPU.Build.0 = Release|Any CPU
		{CDD3203C-6821-4D99-8B6B-0022FACBB743}.Debug|Any CPU.ActiveCfg = Debug|Any CPU
		{CDD3203C-6821-4D99-8B6B-0022FACBB743}.Debug|Any CPU.Build.0 = Debug|Any CPU
		{CDD3203C-6821-4D99-8B6B-0022FACBB743}.Release|Any CPU.ActiveCfg = Release|Any CPU
		{CDD3203C-6821-4D99-8B6B-0022FACBB743}.Release|Any CPU.Build.0 = Release|Any CPU
		{488AD439-3100-49B8-A622-8EE5C03DE50C}.Debug|Any CPU.ActiveCfg = Debug|Any CPU
		{488AD439-3100-49B8-A622-8EE5C03DE50C}.Debug|Any CPU.Build.0 = Debug|Any CPU
		{488AD439-3100-49B8-A622-8EE5C03DE50C}.Release|Any CPU.ActiveCfg = Release|Any CPU
		{488AD439-3100-49B8-A622-8EE5C03DE50C}.Release|Any CPU.Build.0 = Release|Any CPU
		{CB636A5D-42AE-49B6-B05B-AE971F9F0ED7}.Debug|Any CPU.ActiveCfg = Debug|Any CPU
		{CB636A5D-42AE-49B6-B05B-AE971F9F0ED7}.Debug|Any CPU.Build.0 = Debug|Any CPU
		{CB636A5D-42AE-49B6-B05B-AE971F9F0ED7}.Release|Any CPU.ActiveCfg = Release|Any CPU
		{CB636A5D-42AE-49B6-B05B-AE971F9F0ED7}.Release|Any CPU.Build.0 = Release|Any CPU
	EndGlobalSection
	GlobalSection(SolutionProperties) = preSolution
		HideSolutionNode = FALSE
	EndGlobalSection
	GlobalSection(NestedProjects) = preSolution
		{878A1189-7DF1-4045-9098-20030CA1232C} = {A9EC6594-7901-4C12-8516-A2305DB84E1E}
		{61D6B9A7-EEC0-4916-9930-47DC8BB9C59F} = {878A1189-7DF1-4045-9098-20030CA1232C}
		{A29CC509-7E4C-4FD2-8777-9F3EE4D80337} = {878A1189-7DF1-4045-9098-20030CA1232C}
		{E9AF768E-8BE5-4671-9327-E43D6518140D} = {878A1189-7DF1-4045-9098-20030CA1232C}
		{9CEB1BA9-E0A8-4837-82FA-178C3F5D662E} = {878A1189-7DF1-4045-9098-20030CA1232C}
		{7E395BED-7D9A-4E6F-94E6-7096F3A991D3} = {A9EC6594-7901-4C12-8516-A2305DB84E1E}
		{6DF5B0F1-20B3-4B13-8FCF-D43C8093B378} = {7E395BED-7D9A-4E6F-94E6-7096F3A991D3}
		{7A613132-FB09-4503-B681-201C85726AA2} = {7E395BED-7D9A-4E6F-94E6-7096F3A991D3}
		{DE7F2D8A-58BE-4867-88D6-5D127F1B1A73} = {7E395BED-7D9A-4E6F-94E6-7096F3A991D3}
		{6B248F60-D13D-434B-A198-D8657D6AD752} = {7E395BED-7D9A-4E6F-94E6-7096F3A991D3}
		{ECD7B188-C103-4FB3-9C41-EA6E002C25CF} = {7E395BED-7D9A-4E6F-94E6-7096F3A991D3}
		{E04DAFA3-838E-4E21-BC9F-8F6928CB3F52} = {7E395BED-7D9A-4E6F-94E6-7096F3A991D3}
		{386736C1-3BC3-438F-A3B4-C41A4D62F2F9} = {7E395BED-7D9A-4E6F-94E6-7096F3A991D3}
		{3D71C2E3-916F-4D73-BB6F-6B6627632843} = {7E395BED-7D9A-4E6F-94E6-7096F3A991D3}
		{221F442A-AE0A-4F6A-BDF3-9DA9A4A0AF55} = {A9EC6594-7901-4C12-8516-A2305DB84E1E}
		{0130D8E4-12D1-45DD-9E22-478DAD533257} = {221F442A-AE0A-4F6A-BDF3-9DA9A4A0AF55}
		{9A7EF4D8-8827-4CD9-B4DF-AC1529244CC8} = {221F442A-AE0A-4F6A-BDF3-9DA9A4A0AF55}
		{FF84BD11-9DC9-460C-94D2-0EDA0A16E4F2} = {221F442A-AE0A-4F6A-BDF3-9DA9A4A0AF55}
		{9DAC1C4C-798C-4C3E-968C-DF4740665E0A} = {BD030B5A-5E69-4A2E-9259-F178F0C622DA}
		{DD708D8A-F85A-442F-A713-0FF7D4E2B53A} = {7E395BED-7D9A-4E6F-94E6-7096F3A991D3}
		{E83912B2-0AA8-40EE-AD2A-D37B295E3379} = {7E395BED-7D9A-4E6F-94E6-7096F3A991D3}
		{7B1F34DB-AB7C-44D6-A8EB-C17EE56EBD92} = {7E395BED-7D9A-4E6F-94E6-7096F3A991D3}
		{2ACA31A5-B1D1-4984-8C0E-B3E198AA2DF9} = {221F442A-AE0A-4F6A-BDF3-9DA9A4A0AF55}
		{0F644956-533A-40C3-879B-50F4CB826B62} = {B992290A-0560-493D-801D-E8AE0EABF4EA}
		{8736573B-4B65-4AA6-82CF-34494A77B43F} = {0F644956-533A-40C3-879B-50F4CB826B62}
		{FD4BDB21-A421-4E2A-80C0-3F7221588519} = {0F644956-533A-40C3-879B-50F4CB826B62}
		{9E24EC97-6183-4A16-9D65-C1B93C9DC3B7} = {0F644956-533A-40C3-879B-50F4CB826B62}
		{5087CE29-59C2-4653-89E8-0A263A575260} = {0F644956-533A-40C3-879B-50F4CB826B62}
		{4D87BD8D-D2A5-4F4B-88B6-569DB600BD7A} = {0F644956-533A-40C3-879B-50F4CB826B62}
		{13A51616-2E2D-4BDF-A5AD-CE0E907F8837} = {0F644956-533A-40C3-879B-50F4CB826B62}
		{89FC9CF9-DFDB-4BAE-AECE-8C1D2E885748} = {0F644956-533A-40C3-879B-50F4CB826B62}
		{5C594868-0855-460A-91AE-4682603F2512} = {0F644956-533A-40C3-879B-50F4CB826B62}
		{11D45445-2A6B-46B7-B1D5-6C055F728F67} = {0F644956-533A-40C3-879B-50F4CB826B62}
		{131C410E-0F21-4A52-B7AA-C26C35748977} = {27E9985A-6568-492C-9346-3B761D1C80DF}
		{27E9985A-6568-492C-9346-3B761D1C80DF} = {B992290A-0560-493D-801D-E8AE0EABF4EA}
		{DC527E48-2770-4ADD-BFA0-A652C41CA36C} = {27E9985A-6568-492C-9346-3B761D1C80DF}
		{5B7A8497-9199-446F-A822-2EE1E2134440} = {27E9985A-6568-492C-9346-3B761D1C80DF}
		{FB9DD4FF-E9D1-43BB-B03E-E758DB261CC8} = {27E9985A-6568-492C-9346-3B761D1C80DF}
		{2CA55BF3-CD47-4176-A001-C50B95743AE6} = {27E9985A-6568-492C-9346-3B761D1C80DF}
		{2F6F35AD-CBC5-4CAD-8B95-409A5F38CDB9} = {27E9985A-6568-492C-9346-3B761D1C80DF}
		{29AC760B-2BE4-4BE0-86B8-BA21063E6536} = {B992290A-0560-493D-801D-E8AE0EABF4EA}
		{298145EF-C50F-4B18-81D7-2A17E07F6C18} = {29AC760B-2BE4-4BE0-86B8-BA21063E6536}
		{BD030B5A-5E69-4A2E-9259-F178F0C622DA} = {B992290A-0560-493D-801D-E8AE0EABF4EA}
		{6EDFBEC9-EFD9-4AFF-BA93-CBB5333BE56D} = {BD030B5A-5E69-4A2E-9259-F178F0C622DA}
		{36191FD8-4DDB-40F9-A2FC-535967CEF68F} = {BD030B5A-5E69-4A2E-9259-F178F0C622DA}
		{7A34D4B1-69F0-485B-88BF-9F4C77673FFD} = {BD030B5A-5E69-4A2E-9259-F178F0C622DA}
		{72412D35-9358-48B2-868A-CA36EFE60EB8} = {29AC760B-2BE4-4BE0-86B8-BA21063E6536}
		{ED5B4560-4FEE-4A7C-AD14-BA0C9E8269D2} = {72412D35-9358-48B2-868A-CA36EFE60EB8}
		{45EFEA35-12CC-448C-B853-323E35658E3A} = {72412D35-9358-48B2-868A-CA36EFE60EB8}
		{B4F62B61-55B1-4A3B-821C-33AD2B08F643} = {72412D35-9358-48B2-868A-CA36EFE60EB8}
		{A289D3DE-17BF-4267-B114-3DF06C3FACA3} = {B992290A-0560-493D-801D-E8AE0EABF4EA}
		{E1074B03-07A8-44CD-983D-92130542AF6B} = {A289D3DE-17BF-4267-B114-3DF06C3FACA3}
		{FA600278-59AD-4CE3-B151-F1DFECE30FAA} = {A289D3DE-17BF-4267-B114-3DF06C3FACA3}
		{65B53805-1876-49A4-A0A8-36FB85852BE7} = {A289D3DE-17BF-4267-B114-3DF06C3FACA3}
		{31F339A7-CF4B-4DA0-9B59-1F3C9140A746} = {A289D3DE-17BF-4267-B114-3DF06C3FACA3}
		{D0592AAA-46D8-42DE-84C7-7E5B3E0BE76C} = {A289D3DE-17BF-4267-B114-3DF06C3FACA3}
		{53F3BF58-F67E-4EEB-B603-68A2B940982E} = {4272E115-E9BC-479B-997A-C0037AAA0F26}
		{B992290A-0560-493D-801D-E8AE0EABF4EA} = {53F3BF58-F67E-4EEB-B603-68A2B940982E}
		{6CB9B5D1-1B0A-43FB-8C23-B4569C4A1D29} = {53F3BF58-F67E-4EEB-B603-68A2B940982E}
		{3A41B9F6-1B71-4006-84D3-C30C54D307D4} = {6CB9B5D1-1B0A-43FB-8C23-B4569C4A1D29}
		{2ED80CA8-A160-4752-ABE3-0645FA652586} = {6CB9B5D1-1B0A-43FB-8C23-B4569C4A1D29}
		{2222E183-075E-477F-9B11-427DE21B03ED} = {6CB9B5D1-1B0A-43FB-8C23-B4569C4A1D29}
		{48AA4AB7-1BC2-45F1-B68B-79A43BF87B2C} = {6CB9B5D1-1B0A-43FB-8C23-B4569C4A1D29}
		{C7F4E843-117E-4589-A6CD-B7B9DCDFCB6E} = {6CB9B5D1-1B0A-43FB-8C23-B4569C4A1D29}
		{846ED639-BFBA-4644-8626-A1CBF0BEE83F} = {6CB9B5D1-1B0A-43FB-8C23-B4569C4A1D29}
		{F5F7DF5A-B993-4434-8953-77E340CF5D27} = {6CB9B5D1-1B0A-43FB-8C23-B4569C4A1D29}
		{07CA8385-BC0F-4FAC-A80C-49CA81457835} = {6CB9B5D1-1B0A-43FB-8C23-B4569C4A1D29}
		{9C674150-94C2-40E2-9B03-BBD478108161} = {53F3BF58-F67E-4EEB-B603-68A2B940982E}
		{C203757B-FADD-4D23-AAFA-912CF3D973C2} = {9C674150-94C2-40E2-9B03-BBD478108161}
		{35D35A3D-D433-4E79-AB79-B0B187585EEA} = {9C674150-94C2-40E2-9B03-BBD478108161}
		{D1D65FF2-13C0-48B2-AF03-FD1B9733210C} = {9C674150-94C2-40E2-9B03-BBD478108161}
		{DF98387F-F5DE-46C0-AB5A-14A0128127F6} = {53F3BF58-F67E-4EEB-B603-68A2B940982E}
		{E0F77096-994E-45A1-94E1-60DF1B894E9D} = {DF98387F-F5DE-46C0-AB5A-14A0128127F6}
		{A48ECFCE-686F-4120-A599-FAB744DF79CF} = {DF98387F-F5DE-46C0-AB5A-14A0128127F6}
		{7CC4A60D-E4AA-4314-B653-A2CC188ED450} = {DF98387F-F5DE-46C0-AB5A-14A0128127F6}
		{66BC2C43-A52C-4A76-B4B7-ADF4A9576DE8} = {F8F4449B-8191-4C8D-B983-B69E3B626611}
		{1CF38706-ED46-4C92-9442-D48A2E7C5574} = {DF98387F-F5DE-46C0-AB5A-14A0128127F6}
		{C8A19759-A903-4F17-AF32-5CF240EB6FE9} = {DF98387F-F5DE-46C0-AB5A-14A0128127F6}
		{9217C22D-D4BC-4D48-A8F2-5F427C480CB7} = {DF98387F-F5DE-46C0-AB5A-14A0128127F6}
		{29DB5F06-9A10-4914-B020-9D034268FEF7} = {DF98387F-F5DE-46C0-AB5A-14A0128127F6}
		{2A9FA2CB-7047-4624-B0D8-B6F0AB04907B} = {DF98387F-F5DE-46C0-AB5A-14A0128127F6}
		{53092241-AD80-4223-8E50-06CF48FC17F9} = {53F3BF58-F67E-4EEB-B603-68A2B940982E}
		{677AD0B7-4263-47C6-BE0F-8232E0D66D14} = {53092241-AD80-4223-8E50-06CF48FC17F9}
		{DA18A211-EA09-4AA0-A9D6-AD1F15B6A7D3} = {53092241-AD80-4223-8E50-06CF48FC17F9}
		{F4FF0B5F-1807-4CDF-8FC2-F0271D95A253} = {53092241-AD80-4223-8E50-06CF48FC17F9}
		{239813B6-8089-459B-A8F0-5298771F30BA} = {53092241-AD80-4223-8E50-06CF48FC17F9}
		{F7F606CC-7544-40C4-8A29-9CBAB1CE876B} = {53092241-AD80-4223-8E50-06CF48FC17F9}
		{DC8E67B4-3D54-45C1-B700-1F875BF8BD6A} = {53092241-AD80-4223-8E50-06CF48FC17F9}
		{3335EB55-CC77-4D6A-AC22-BC93ECC8D3CF} = {53092241-AD80-4223-8E50-06CF48FC17F9}
		{19D1D664-8497-4715-859B-7C838235BBC7} = {4272E115-E9BC-479B-997A-C0037AAA0F26}
		{076645D4-9893-4FC5-8766-C74D21F00A75} = {19D1D664-8497-4715-859B-7C838235BBC7}
		{46F7EE26-EA87-4922-A4D1-4F1B986B48B0} = {19D1D664-8497-4715-859B-7C838235BBC7}
		{0C060F7F-2517-4098-92E1-79175853AA42} = {19D1D664-8497-4715-859B-7C838235BBC7}
		{F2723596-8747-4729-B413-DB3B0C16EA59} = {19D1D664-8497-4715-859B-7C838235BBC7}
		{8B5FE353-A073-4C55-B2C0-01C90658D4BC} = {19D1D664-8497-4715-859B-7C838235BBC7}
		{F68CB464-6970-4E85-853A-0CADD58F0C01} = {19D1D664-8497-4715-859B-7C838235BBC7}
		{B680C4F6-A97D-4E26-9E39-2684A252B986} = {19D1D664-8497-4715-859B-7C838235BBC7}
		{EB071BBD-F7DE-45FD-AB9C-5962D66239E1} = {076645D4-9893-4FC5-8766-C74D21F00A75}
		{F342F0C2-59FF-4E06-BB37-EE6405D27CEA} = {076645D4-9893-4FC5-8766-C74D21F00A75}
		{F6C28571-F188-4645-B124-A70B99C717EE} = {F68CB464-6970-4E85-853A-0CADD58F0C01}
		{B9F3CAC2-4752-4647-9263-77FD3B2300DC} = {F68CB464-6970-4E85-853A-0CADD58F0C01}
		{F05B6E82-E359-4EB2-893F-8EEA4D1FE8AA} = {8B5FE353-A073-4C55-B2C0-01C90658D4BC}
		{981994F7-FAB0-4977-978B-B1F1C0A9E6AD} = {F2723596-8747-4729-B413-DB3B0C16EA59}
		{D378B3A6-0080-4F5C-884A-67D9CAFB8718} = {F2723596-8747-4729-B413-DB3B0C16EA59}
		{AEA40181-217B-4A02-8AA5-3F864011E811} = {F2723596-8747-4729-B413-DB3B0C16EA59}
		{D42604BB-6F14-487A-8A1E-061CB464423F} = {F2723596-8747-4729-B413-DB3B0C16EA59}
		{CAFE3BA0-BF43-4C38-AEC9-FD8D5B918DE1} = {0C060F7F-2517-4098-92E1-79175853AA42}
		{328EA386-ABB6-4BD8-94A0-AEB50AFA2D30} = {0C060F7F-2517-4098-92E1-79175853AA42}
		{0D7A6748-9D6F-4508-9E85-3B4A1BF01238} = {46F7EE26-EA87-4922-A4D1-4F1B986B48B0}
		{CDD3203C-6821-4D99-8B6B-0022FACBB743} = {46F7EE26-EA87-4922-A4D1-4F1B986B48B0}
		{488AD439-3100-49B8-A622-8EE5C03DE50C} = {46F7EE26-EA87-4922-A4D1-4F1B986B48B0}
		{CB636A5D-42AE-49B6-B05B-AE971F9F0ED7} = {B680C4F6-A97D-4E26-9E39-2684A252B986}
	EndGlobalSection
EndGlobal
